// !$*UTF8*$!
{
	archiveVersion = 1;
	classes = {
	};
	objectVersion = 56;
	objects = {

/* Begin PBXBuildFile section */
		4800C5CA2BDC7F78001431BE /* ProfileViewModel.swift in Sources */ = {isa = PBXBuildFile; fileRef = 4800C5C92BDC7F78001431BE /* ProfileViewModel.swift */; };
		4800C5CD2BDC8532001431BE /* GlobalMainBtn.swift in Sources */ = {isa = PBXBuildFile; fileRef = 4800C5CC2BDC8532001431BE /* GlobalMainBtn.swift */; };
		480638892C0D9D6200EA9B91 /* BookMarkData.swift in Sources */ = {isa = PBXBuildFile; fileRef = 480638882C0D9D6200EA9B91 /* BookMarkData.swift */; };
		480F6D2D2BC996DE008D958E /* CombineMoya in Frameworks */ = {isa = PBXBuildFile; productRef = 480F6D2C2BC996DE008D958E /* CombineMoya */; };
		480F6D2F2BC996DE008D958E /* Moya in Frameworks */ = {isa = PBXBuildFile; productRef = 480F6D2E2BC996DE008D958E /* Moya */; };
		480F6D312BC996DE008D958E /* ReactiveMoya in Frameworks */ = {isa = PBXBuildFile; productRef = 480F6D302BC996DE008D958E /* ReactiveMoya */; };
		480F6D332BC996DE008D958E /* RxMoya in Frameworks */ = {isa = PBXBuildFile; productRef = 480F6D322BC996DE008D958E /* RxMoya */; };
		480F6D372BC99943008D958E /* ProfileModel.swift in Sources */ = {isa = PBXBuildFile; fileRef = 480F6D362BC99943008D958E /* ProfileModel.swift */; };
		480F6D392BC99969008D958E /* ProfileSettingView.swift in Sources */ = {isa = PBXBuildFile; fileRef = 480F6D382BC99969008D958E /* ProfileSettingView.swift */; };
		480F6D3D2BC99D9D008D958E /* CustomTextField.swift in Sources */ = {isa = PBXBuildFile; fileRef = 480F6D3C2BC99D9D008D958E /* CustomTextField.swift */; };
		4819A1B32BE4C65800DDED13 /* KeyboardHideExtension.swift in Sources */ = {isa = PBXBuildFile; fileRef = 4819A1B22BE4C65800DDED13 /* KeyboardHideExtension.swift */; };
		481F69BD2C049D5A0095867F /* CheckingUserBookMarkView.swift in Sources */ = {isa = PBXBuildFile; fileRef = 481F69BC2C049D5A0095867F /* CheckingUserBookMarkView.swift */; };
		481F69BF2C049D960095867F /* CheckingUserBookMarkViewModel.swift in Sources */ = {isa = PBXBuildFile; fileRef = 481F69BE2C049D960095867F /* CheckingUserBookMarkViewModel.swift */; };
		481F69C12C049EDF0095867F /* CheckingUserBookData.swift in Sources */ = {isa = PBXBuildFile; fileRef = 481F69C02C049EDF0095867F /* CheckingUserBookData.swift */; };
		482055812BDFDD23004E0D78 /* KeyChainManager.swift in Sources */ = {isa = PBXBuildFile; fileRef = 482055802BDFDD23004E0D78 /* KeyChainManager.swift */; };
		482055832BDFE1F2004E0D78 /* UserInfo.swift in Sources */ = {isa = PBXBuildFile; fileRef = 482055822BDFE1F2004E0D78 /* UserInfo.swift */; };
		4825672C2BEFC2E000B4C6E8 /* ProfileAPITarget.swift in Sources */ = {isa = PBXBuildFile; fileRef = 4825672B2BEFC2E000B4C6E8 /* ProfileAPITarget.swift */; };
		482F3F0C2C0C60CA003E7B00 /* KakaoBookAPITarget.swift in Sources */ = {isa = PBXBuildFile; fileRef = 482F3F0B2C0C60CA003E7B00 /* KakaoBookAPITarget.swift */; };
		482F3F0E2C0C833E003E7B00 /* BookStatusBtn.swift in Sources */ = {isa = PBXBuildFile; fileRef = 482F3F0D2C0C833E003E7B00 /* BookStatusBtn.swift */; };
		482F3F102C0C876D003E7B00 /* ReadingStatus.swift in Sources */ = {isa = PBXBuildFile; fileRef = 482F3F0F2C0C876D003E7B00 /* ReadingStatus.swift */; };
		482F3F132C0C9D35003E7B00 /* BookListCardView.swift in Sources */ = {isa = PBXBuildFile; fileRef = 482F3F122C0C9D35003E7B00 /* BookListCardView.swift */; };
		482F3F172C0CA334003E7B00 /* BookListBookData.swift in Sources */ = {isa = PBXBuildFile; fileRef = 482F3F162C0CA334003E7B00 /* BookListBookData.swift */; };
		482F3F192C0CA401003E7B00 /* BookListCardViewModel.swift in Sources */ = {isa = PBXBuildFile; fileRef = 482F3F182C0CA401003E7B00 /* BookListCardViewModel.swift */; };
		482F3F1C2C0CAA25003E7B00 /* BookReadProgressView.swift in Sources */ = {isa = PBXBuildFile; fileRef = 482F3F1B2C0CAA25003E7B00 /* BookReadProgressView.swift */; };
		483968472BFCE80D002A3035 /* NoRegistEmotion.swift in Sources */ = {isa = PBXBuildFile; fileRef = 483968462BFCE80D002A3035 /* NoRegistEmotion.swift */; };
		483968492BFCEE4F002A3035 /* EmotionChartView.swift in Sources */ = {isa = PBXBuildFile; fileRef = 483968482BFCEE4F002A3035 /* EmotionChartView.swift */; };
		4839684C2BFCEF64002A3035 /* EmotionChartViewModel.swift in Sources */ = {isa = PBXBuildFile; fileRef = 4839684B2BFCEF64002A3035 /* EmotionChartViewModel.swift */; };
		4839684F2BFCFAD1002A3035 /* EmotionChartData.swift in Sources */ = {isa = PBXBuildFile; fileRef = 4839684D2BFCF688002A3035 /* EmotionChartData.swift */; };
		483968502BFCFAD3002A3035 /* EmotionData.swift in Sources */ = {isa = PBXBuildFile; fileRef = 48ABDBAA2BF72BC100EF520C /* EmotionData.swift */; };
		4846B6992C049AEA001ED502 /* CombineMoya in Frameworks */ = {isa = PBXBuildFile; productRef = 4846B6982C049AEA001ED502 /* CombineMoya */; };
		4846B69B2C049AEA001ED502 /* Moya in Frameworks */ = {isa = PBXBuildFile; productRef = 4846B69A2C049AEA001ED502 /* Moya */; };
		4846B69D2C049AEA001ED502 /* ReactiveMoya in Frameworks */ = {isa = PBXBuildFile; productRef = 4846B69C2C049AEA001ED502 /* ReactiveMoya */; };
		4846B69F2C049AEA001ED502 /* RxMoya in Frameworks */ = {isa = PBXBuildFile; productRef = 4846B69E2C049AEA001ED502 /* RxMoya */; };
		4859170B2BFED2A800DC3650 /* BookRecommendDetailView.swift in Sources */ = {isa = PBXBuildFile; fileRef = 4859170A2BFED2A800DC3650 /* BookRecommendDetailView.swift */; };
		48607EFA2BE4D46500284E38 /* RoundedCorner.swift in Sources */ = {isa = PBXBuildFile; fileRef = 48607EF92BE4D46500284E38 /* RoundedCorner.swift */; };
		486348002BF2C6C2006628F3 /* HomeViewModel.swift in Sources */ = {isa = PBXBuildFile; fileRef = 486347FF2BF2C6C2006628F3 /* HomeViewModel.swift */; };
		486348032BF2C7E7006628F3 /* HomeUserInfoAPITarget.swift in Sources */ = {isa = PBXBuildFile; fileRef = 486348022BF2C7E7006628F3 /* HomeUserInfoAPITarget.swift */; };
		486348052BF2CA1E006628F3 /* LoginAPITarget.swift in Sources */ = {isa = PBXBuildFile; fileRef = 486348042BF2CA1E006628F3 /* LoginAPITarget.swift */; };
		487170D82BC8380700ED8D2F /* BookSpudApp.swift in Sources */ = {isa = PBXBuildFile; fileRef = 487170D72BC8380700ED8D2F /* BookSpudApp.swift */; };
		487170DA2BC8380700ED8D2F /* LoginView.swift in Sources */ = {isa = PBXBuildFile; fileRef = 487170D92BC8380700ED8D2F /* LoginView.swift */; };
		487170DC2BC8380800ED8D2F /* Assets.xcassets in Resources */ = {isa = PBXBuildFile; fileRef = 487170DB2BC8380800ED8D2F /* Assets.xcassets */; };
		487170DF2BC8380800ED8D2F /* Preview Assets.xcassets in Resources */ = {isa = PBXBuildFile; fileRef = 487170DE2BC8380800ED8D2F /* Preview Assets.xcassets */; };
		487170E62BC839F200ED8D2F /* Color.xcassets in Resources */ = {isa = PBXBuildFile; fileRef = 487170E52BC839F200ED8D2F /* Color.xcassets */; };
		487170EE2BC840D100ED8D2F /* SpoqaHanSansNeo-Regular.otf in Resources */ = {isa = PBXBuildFile; fileRef = 487170E92BC840D100ED8D2F /* SpoqaHanSansNeo-Regular.otf */; };
		487170EF2BC840D100ED8D2F /* SpoqaHanSansNeo-Thin.otf in Resources */ = {isa = PBXBuildFile; fileRef = 487170EA2BC840D100ED8D2F /* SpoqaHanSansNeo-Thin.otf */; };
		487170F02BC840D100ED8D2F /* SpoqaHanSansNeo-Light.otf in Resources */ = {isa = PBXBuildFile; fileRef = 487170EB2BC840D100ED8D2F /* SpoqaHanSansNeo-Light.otf */; };
		487170F12BC840D100ED8D2F /* SpoqaHanSansNeo-Medium.otf in Resources */ = {isa = PBXBuildFile; fileRef = 487170EC2BC840D100ED8D2F /* SpoqaHanSansNeo-Medium.otf */; };
		487170F22BC840D100ED8D2F /* SpoqaHanSansNeo-Bold.otf in Resources */ = {isa = PBXBuildFile; fileRef = 487170ED2BC840D100ED8D2F /* SpoqaHanSansNeo-Bold.otf */; };
		487170F52BC841F400ED8D2F /* FontExtension.swift in Sources */ = {isa = PBXBuildFile; fileRef = 487170F42BC841F400ED8D2F /* FontExtension.swift */; };
		487170F82BC845D600ED8D2F /* Icon.swift in Sources */ = {isa = PBXBuildFile; fileRef = 487170F72BC845D600ED8D2F /* Icon.swift */; };
		4874F3BB2C0D785F0034698E /* BookListDetailView.swift in Sources */ = {isa = PBXBuildFile; fileRef = 4874F3BA2C0D785F0034698E /* BookListDetailView.swift */; };
		4874F3BD2C0D79700034698E /* BookDetailViewModel.swift in Sources */ = {isa = PBXBuildFile; fileRef = 4874F3BC2C0D79700034698E /* BookDetailViewModel.swift */; };
		4874F3C12C0D7DD40034698E /* BookCountView.swift in Sources */ = {isa = PBXBuildFile; fileRef = 4874F3C02C0D7DD40034698E /* BookCountView.swift */; };
		4874F3C72C0D93300034698E /* SeletedEmotionBtn.swift in Sources */ = {isa = PBXBuildFile; fileRef = 4874F3C62C0D93300034698E /* SeletedEmotionBtn.swift */; };
		4876A83C2BF60B5200E1B204 /* EmotionVersesView.swift in Sources */ = {isa = PBXBuildFile; fileRef = 4876A83B2BF60B5200E1B204 /* EmotionVersesView.swift */; };
		4876A83E2BF60B6F00E1B204 /* SelectEmotionView.swift in Sources */ = {isa = PBXBuildFile; fileRef = 4876A83D2BF60B6F00E1B204 /* SelectEmotionView.swift */; };
		487AF4B12BEF412E00EADE67 /* AccessTokenRefresher.swift in Sources */ = {isa = PBXBuildFile; fileRef = 487AF4B02BEF412E00EADE67 /* AccessTokenRefresher.swift */; };
		487AF4B32BEF415500EADE67 /* TokenProviding.swift in Sources */ = {isa = PBXBuildFile; fileRef = 487AF4B22BEF415500EADE67 /* TokenProviding.swift */; };
		487AF4B52BEF418600EADE67 /* TokenProvider.swift in Sources */ = {isa = PBXBuildFile; fileRef = 487AF4B42BEF418600EADE67 /* TokenProvider.swift */; };
		487AF4B72BEF433100EADE67 /* AuthAPITarget.swift in Sources */ = {isa = PBXBuildFile; fileRef = 487AF4B62BEF433100EADE67 /* AuthAPITarget.swift */; };
		487F18FC2C0EC57F00DA93E5 /* OCRViewModel.swift in Sources */ = {isa = PBXBuildFile; fileRef = 487F18FB2C0EC57F00DA93E5 /* OCRViewModel.swift */; };
		487F18FE2C0EC59700DA93E5 /* CameraView.swift in Sources */ = {isa = PBXBuildFile; fileRef = 487F18FD2C0EC59700DA93E5 /* CameraView.swift */; };
		487F19022C0EC5BC00DA93E5 /* OCRView.swift in Sources */ = {isa = PBXBuildFile; fileRef = 487F19012C0EC5BC00DA93E5 /* OCRView.swift */; };
		48875DF52BFC7C6500847986 /* BookRecommendView.swift in Sources */ = {isa = PBXBuildFile; fileRef = 48875DF42BFC7C6500847986 /* BookRecommendView.swift */; };
		48875DF72BFC7F1F00847986 /* BookRecommendViewModel.swift in Sources */ = {isa = PBXBuildFile; fileRef = 48875DF62BFC7F1F00847986 /* BookRecommendViewModel.swift */; };
		488D1C1F2C082BD70080CCCC /* SuccessISBN.swift in Sources */ = {isa = PBXBuildFile; fileRef = 488D1C1E2C082BD70080CCCC /* SuccessISBN.swift */; };
		488D41672C071CDA0031F5E1 /* VersesBackground.swift in Sources */ = {isa = PBXBuildFile; fileRef = 488D41662C071CDA0031F5E1 /* VersesBackground.swift */; };
		488D41692C0763230031F5E1 /* WritedMemo.swift in Sources */ = {isa = PBXBuildFile; fileRef = 488D41682C0763230031F5E1 /* WritedMemo.swift */; };
		488D416B2C0780540031F5E1 /* ISBNInputViewModel.swift in Sources */ = {isa = PBXBuildFile; fileRef = 488D416A2C0780540031F5E1 /* ISBNInputViewModel.swift */; };
		488D416D2C0782A20031F5E1 /* ISBNCameraView.swift in Sources */ = {isa = PBXBuildFile; fileRef = 488D416C2C0782A20031F5E1 /* ISBNCameraView.swift */; };
		488D416F2C07A94E0031F5E1 /* BarcodeScannerView.swift in Sources */ = {isa = PBXBuildFile; fileRef = 488D416E2C07A94E0031F5E1 /* BarcodeScannerView.swift */; };
		48920C412C0CD7CF008D7715 /* BookListViewModel.swift in Sources */ = {isa = PBXBuildFile; fileRef = 48920C402C0CD7CF008D7715 /* BookListViewModel.swift */; };
		489469752BDDF6F200A4C942 /* ImageHandling.swift in Sources */ = {isa = PBXBuildFile; fileRef = 489469742BDDF6F200A4C942 /* ImageHandling.swift */; };
		4897958A2BF29104008ED803 /* ImageCacheManager.swift in Sources */ = {isa = PBXBuildFile; fileRef = 489795892BF29104008ED803 /* ImageCacheManager.swift */; };
		4897958E2BF29454008ED803 /* TopUserView.swift in Sources */ = {isa = PBXBuildFile; fileRef = 4897958D2BF29454008ED803 /* TopUserView.swift */; };
		489795902BF296F8008ED803 /* PotatoCircle.swift in Sources */ = {isa = PBXBuildFile; fileRef = 4897958F2BF296F8008ED803 /* PotatoCircle.swift */; };
		4898711D2BF7786400F1903E /* ShadowReuse.swift in Sources */ = {isa = PBXBuildFile; fileRef = 4898711C2BF7786400F1903E /* ShadowReuse.swift */; };
		489C1E102C07C56E00E7EF4D /* ScanBookData.swift in Sources */ = {isa = PBXBuildFile; fileRef = 489C1E0F2C07C56E00E7EF4D /* ScanBookData.swift */; };
		48A10BFF2BF7ACF900E4909E /* BookVersesView.swift in Sources */ = {isa = PBXBuildFile; fileRef = 48A10BFE2BF7ACF900E4909E /* BookVersesView.swift */; };
		48A10C042BF7B1B800E4909E /* GangwonEduSaeeum.otf in Resources */ = {isa = PBXBuildFile; fileRef = 48A10C032BF7B1B800E4909E /* GangwonEduSaeeum.otf */; };
		48A48D192BFEBDD200552A28 /* CustomNavigation.swift in Sources */ = {isa = PBXBuildFile; fileRef = 48A48D182BFEBDD200552A28 /* CustomNavigation.swift */; };
		48A48D252BFEC1C300552A28 /* Pretendard-Regular.otf in Resources */ = {isa = PBXBuildFile; fileRef = 48A48D1D2BFEC1C200552A28 /* Pretendard-Regular.otf */; };
		48A48D272BFEC1C300552A28 /* Pretendard-SemiBold.otf in Resources */ = {isa = PBXBuildFile; fileRef = 48A48D1F2BFEC1C200552A28 /* Pretendard-SemiBold.otf */; };
		48A48D282BFEC1C300552A28 /* Pretendard-Light.otf in Resources */ = {isa = PBXBuildFile; fileRef = 48A48D202BFEC1C300552A28 /* Pretendard-Light.otf */; };
		48A48D2A2BFEC1C300552A28 /* Pretendard-Bold.otf in Resources */ = {isa = PBXBuildFile; fileRef = 48A48D222BFEC1C300552A28 /* Pretendard-Bold.otf */; };
		48A48D2B2BFEC1C300552A28 /* Pretendard-Medium.otf in Resources */ = {isa = PBXBuildFile; fileRef = 48A48D232BFEC1C300552A28 /* Pretendard-Medium.otf */; };
		48A650512BEF9C93006D4267 /* TopRadiusView.swift in Sources */ = {isa = PBXBuildFile; fileRef = 48A650502BEF9C93006D4267 /* TopRadiusView.swift */; };
		48AAA7172BDE6E720079F939 /* ShowImagePicker.swift in Sources */ = {isa = PBXBuildFile; fileRef = 48AAA7162BDE6E720079F939 /* ShowImagePicker.swift */; };
		48ABDBAD2BF7324900EF520C /* EmotionPickerView.swift in Sources */ = {isa = PBXBuildFile; fileRef = 48ABDBAC2BF7324900EF520C /* EmotionPickerView.swift */; };
		48ABDBAF2BF732C100EF520C /* TopUserViewModel.swift in Sources */ = {isa = PBXBuildFile; fileRef = 48ABDBAE2BF732C100EF520C /* TopUserViewModel.swift */; };
		48ABDBB12BF7336500EF520C /* EmotionVersesViewModel.swift in Sources */ = {isa = PBXBuildFile; fileRef = 48ABDBB02BF7336500EF520C /* EmotionVersesViewModel.swift */; };
		48B422F92BFF2AF1009839AD /* EmptyBookView.swift in Sources */ = {isa = PBXBuildFile; fileRef = 48B422F82BFF2AF1009839AD /* EmptyBookView.swift */; };
		48C053672C0DF4DA0032969B /* BookMarkRegistView.swift in Sources */ = {isa = PBXBuildFile; fileRef = 48C053662C0DF4DA0032969B /* BookMarkRegistView.swift */; };
		48C053692C0DF59A0032969B /* BookEmotionKind.swift in Sources */ = {isa = PBXBuildFile; fileRef = 48C053682C0DF59A0032969B /* BookEmotionKind.swift */; };
		48C0536D2C0DF7060032969B /* BookMarkTitleView.swift in Sources */ = {isa = PBXBuildFile; fileRef = 48C0536C2C0DF7060032969B /* BookMarkTitleView.swift */; };
		48C053702C0E00BC0032969B /* BookMarkResgistViewModel.swift in Sources */ = {isa = PBXBuildFile; fileRef = 48C0536F2C0E00BC0032969B /* BookMarkResgistViewModel.swift */; };
		48C053722C0E06680032969B /* MemoTextField.swift in Sources */ = {isa = PBXBuildFile; fileRef = 48C053712C0E06680032969B /* MemoTextField.swift */; };
		48C053742C0E2EB40032969B /* OnBoardScreen.swift in Sources */ = {isa = PBXBuildFile; fileRef = 48C053732C0E2EB40032969B /* OnBoardScreen.swift */; };
		48C19A742BC93497007B5B1F /* LoginViewModel.swift in Sources */ = {isa = PBXBuildFile; fileRef = 48C19A732BC93497007B5B1F /* LoginViewModel.swift */; };
		48C19A772BC939A4007B5B1F /* KakaoSDK in Frameworks */ = {isa = PBXBuildFile; productRef = 48C19A762BC939A4007B5B1F /* KakaoSDK */; };
		48C19A792BC939A4007B5B1F /* KakaoSDKAuth in Frameworks */ = {isa = PBXBuildFile; productRef = 48C19A782BC939A4007B5B1F /* KakaoSDKAuth */; };
		48C19A7B2BC939A4007B5B1F /* KakaoSDKCert in Frameworks */ = {isa = PBXBuildFile; productRef = 48C19A7A2BC939A4007B5B1F /* KakaoSDKCert */; };
		48C19A7D2BC939A4007B5B1F /* KakaoSDKCertCore in Frameworks */ = {isa = PBXBuildFile; productRef = 48C19A7C2BC939A4007B5B1F /* KakaoSDKCertCore */; };
		48C19A7F2BC939A4007B5B1F /* KakaoSDKCommon in Frameworks */ = {isa = PBXBuildFile; productRef = 48C19A7E2BC939A4007B5B1F /* KakaoSDKCommon */; };
		48C19A822BC93B36007B5B1F /* KakaoLoginMananger.swift in Sources */ = {isa = PBXBuildFile; fileRef = 48C19A812BC93B36007B5B1F /* KakaoLoginMananger.swift */; };
		48D5C2B22C01CBCC0088FD26 /* BookRecommendDetailRow.swift in Sources */ = {isa = PBXBuildFile; fileRef = 48D5C2B12C01CBCC0088FD26 /* BookRecommendDetailRow.swift */; };
		48DE6DF12BEF47C30096A069 /* TokenResponse.swift in Sources */ = {isa = PBXBuildFile; fileRef = 48DE6DF02BEF47C30096A069 /* TokenResponse.swift */; };
		48DE6DF92BEF59880096A069 /* BookSpudTabView.swift in Sources */ = {isa = PBXBuildFile; fileRef = 48DE6DF82BEF59880096A069 /* BookSpudTabView.swift */; };
		48DE6DFF2BEF5D8B0096A069 /* HomeView.swift in Sources */ = {isa = PBXBuildFile; fileRef = 48DE6DFE2BEF5D8B0096A069 /* HomeView.swift */; };
		48DE6E012BEF5D960096A069 /* BookListView.swift in Sources */ = {isa = PBXBuildFile; fileRef = 48DE6E002BEF5D960096A069 /* BookListView.swift */; };
		48DE6E032BEF5DA30096A069 /* ISBNManualView.swift in Sources */ = {isa = PBXBuildFile; fileRef = 48DE6E022BEF5DA30096A069 /* ISBNManualView.swift */; };
		48DE6E052BEF5DAB0096A069 /* SpudView.swift in Sources */ = {isa = PBXBuildFile; fileRef = 48DE6E042BEF5DAB0096A069 /* SpudView.swift */; };
		48DE6E072BEF5DB10096A069 /* ReportView.swift in Sources */ = {isa = PBXBuildFile; fileRef = 48DE6E062BEF5DB10096A069 /* ReportView.swift */; };
		48DE6E0B2BEF67630096A069 /* BookSpudTab.swift in Sources */ = {isa = PBXBuildFile; fileRef = 48DE6E0A2BEF67630096A069 /* BookSpudTab.swift */; };
		48DE6E0D2BEF6EC90096A069 /* CustomTabView.swift in Sources */ = {isa = PBXBuildFile; fileRef = 48DE6E0C2BEF6EC90096A069 /* CustomTabView.swift */; };
		48E2446C2C042E1900B7F695 /* EmotionUserViewModel.swift in Sources */ = {isa = PBXBuildFile; fileRef = 48E2446B2C042E1900B7F695 /* EmotionUserViewModel.swift */; };
		48E24C572BFC651A00A46E77 /* MainDotLine.swift in Sources */ = {isa = PBXBuildFile; fileRef = 48E24C562BFC651A00A46E77 /* MainDotLine.swift */; };
		48E24C5C2BFC6B0900A46E77 /* BookRecommendData.swift in Sources */ = {isa = PBXBuildFile; fileRef = 48E24C5B2BFC6B0900A46E77 /* BookRecommendData.swift */; };
		48E24C5F2BFC6C4300A46E77 /* BookRecommendCardViewModel.swift in Sources */ = {isa = PBXBuildFile; fileRef = 48E24C5E2BFC6C4300A46E77 /* BookRecommendCardViewModel.swift */; };
		48E24C622BFC713500A46E77 /* BookRecommendCard.swift in Sources */ = {isa = PBXBuildFile; fileRef = 48E24C612BFC713500A46E77 /* BookRecommendCard.swift */; };
		48EB4F212C0381C6007B5668 /* EmotionUserProfile.swift in Sources */ = {isa = PBXBuildFile; fileRef = 48EB4F202C0381C6007B5668 /* EmotionUserProfile.swift */; };
		48EB4F242C038237007B5668 /* EmotionUserData.swift in Sources */ = {isa = PBXBuildFile; fileRef = 48EB4F232C038237007B5668 /* EmotionUserData.swift */; };
/* End PBXBuildFile section */

/* Begin PBXFileReference section */
		4800C5C92BDC7F78001431BE /* ProfileViewModel.swift */ = {isa = PBXFileReference; lastKnownFileType = sourcecode.swift; path = ProfileViewModel.swift; sourceTree = "<group>"; };
		4800C5CC2BDC8532001431BE /* GlobalMainBtn.swift */ = {isa = PBXFileReference; lastKnownFileType = sourcecode.swift; path = GlobalMainBtn.swift; sourceTree = "<group>"; };
		480638882C0D9D6200EA9B91 /* BookMarkData.swift */ = {isa = PBXFileReference; lastKnownFileType = sourcecode.swift; path = BookMarkData.swift; sourceTree = "<group>"; };
		480F6D362BC99943008D958E /* ProfileModel.swift */ = {isa = PBXFileReference; lastKnownFileType = sourcecode.swift; path = ProfileModel.swift; sourceTree = "<group>"; };
		480F6D382BC99969008D958E /* ProfileSettingView.swift */ = {isa = PBXFileReference; lastKnownFileType = sourcecode.swift; path = ProfileSettingView.swift; sourceTree = "<group>"; };
		480F6D3C2BC99D9D008D958E /* CustomTextField.swift */ = {isa = PBXFileReference; lastKnownFileType = sourcecode.swift; path = CustomTextField.swift; sourceTree = "<group>"; };
		4819A1B22BE4C65800DDED13 /* KeyboardHideExtension.swift */ = {isa = PBXFileReference; lastKnownFileType = sourcecode.swift; path = KeyboardHideExtension.swift; sourceTree = "<group>"; };
		481F69BC2C049D5A0095867F /* CheckingUserBookMarkView.swift */ = {isa = PBXFileReference; lastKnownFileType = sourcecode.swift; path = CheckingUserBookMarkView.swift; sourceTree = "<group>"; };
		481F69BE2C049D960095867F /* CheckingUserBookMarkViewModel.swift */ = {isa = PBXFileReference; lastKnownFileType = sourcecode.swift; path = CheckingUserBookMarkViewModel.swift; sourceTree = "<group>"; };
		481F69C02C049EDF0095867F /* CheckingUserBookData.swift */ = {isa = PBXFileReference; lastKnownFileType = sourcecode.swift; path = CheckingUserBookData.swift; sourceTree = "<group>"; };
		482055802BDFDD23004E0D78 /* KeyChainManager.swift */ = {isa = PBXFileReference; lastKnownFileType = sourcecode.swift; path = KeyChainManager.swift; sourceTree = "<group>"; };
		482055822BDFE1F2004E0D78 /* UserInfo.swift */ = {isa = PBXFileReference; lastKnownFileType = sourcecode.swift; path = UserInfo.swift; sourceTree = "<group>"; };
		4825672B2BEFC2E000B4C6E8 /* ProfileAPITarget.swift */ = {isa = PBXFileReference; lastKnownFileType = sourcecode.swift; path = ProfileAPITarget.swift; sourceTree = "<group>"; };
		482F3F0B2C0C60CA003E7B00 /* KakaoBookAPITarget.swift */ = {isa = PBXFileReference; lastKnownFileType = sourcecode.swift; path = KakaoBookAPITarget.swift; sourceTree = "<group>"; };
		482F3F0D2C0C833E003E7B00 /* BookStatusBtn.swift */ = {isa = PBXFileReference; lastKnownFileType = sourcecode.swift; path = BookStatusBtn.swift; sourceTree = "<group>"; };
		482F3F0F2C0C876D003E7B00 /* ReadingStatus.swift */ = {isa = PBXFileReference; lastKnownFileType = sourcecode.swift; path = ReadingStatus.swift; sourceTree = "<group>"; };
		482F3F122C0C9D35003E7B00 /* BookListCardView.swift */ = {isa = PBXFileReference; lastKnownFileType = sourcecode.swift; path = BookListCardView.swift; sourceTree = "<group>"; };
		482F3F162C0CA334003E7B00 /* BookListBookData.swift */ = {isa = PBXFileReference; lastKnownFileType = sourcecode.swift; path = BookListBookData.swift; sourceTree = "<group>"; };
		482F3F182C0CA401003E7B00 /* BookListCardViewModel.swift */ = {isa = PBXFileReference; lastKnownFileType = sourcecode.swift; path = BookListCardViewModel.swift; sourceTree = "<group>"; };
		482F3F1B2C0CAA25003E7B00 /* BookReadProgressView.swift */ = {isa = PBXFileReference; lastKnownFileType = sourcecode.swift; path = BookReadProgressView.swift; sourceTree = "<group>"; };
		483968462BFCE80D002A3035 /* NoRegistEmotion.swift */ = {isa = PBXFileReference; lastKnownFileType = sourcecode.swift; path = NoRegistEmotion.swift; sourceTree = "<group>"; };
		483968482BFCEE4F002A3035 /* EmotionChartView.swift */ = {isa = PBXFileReference; lastKnownFileType = sourcecode.swift; path = EmotionChartView.swift; sourceTree = "<group>"; };
		4839684B2BFCEF64002A3035 /* EmotionChartViewModel.swift */ = {isa = PBXFileReference; lastKnownFileType = sourcecode.swift; path = EmotionChartViewModel.swift; sourceTree = "<group>"; };
		4839684D2BFCF688002A3035 /* EmotionChartData.swift */ = {isa = PBXFileReference; lastKnownFileType = sourcecode.swift; path = EmotionChartData.swift; sourceTree = "<group>"; };
		4859170A2BFED2A800DC3650 /* BookRecommendDetailView.swift */ = {isa = PBXFileReference; lastKnownFileType = sourcecode.swift; path = BookRecommendDetailView.swift; sourceTree = "<group>"; };
		48607EF92BE4D46500284E38 /* RoundedCorner.swift */ = {isa = PBXFileReference; lastKnownFileType = sourcecode.swift; path = RoundedCorner.swift; sourceTree = "<group>"; };
		486347FF2BF2C6C2006628F3 /* HomeViewModel.swift */ = {isa = PBXFileReference; lastKnownFileType = sourcecode.swift; path = HomeViewModel.swift; sourceTree = "<group>"; };
		486348022BF2C7E7006628F3 /* HomeUserInfoAPITarget.swift */ = {isa = PBXFileReference; lastKnownFileType = sourcecode.swift; path = HomeUserInfoAPITarget.swift; sourceTree = "<group>"; };
		486348042BF2CA1E006628F3 /* LoginAPITarget.swift */ = {isa = PBXFileReference; lastKnownFileType = sourcecode.swift; path = LoginAPITarget.swift; sourceTree = "<group>"; };
		487170D42BC8380700ED8D2F /* BookSpud.app */ = {isa = PBXFileReference; explicitFileType = wrapper.application; includeInIndex = 0; path = BookSpud.app; sourceTree = BUILT_PRODUCTS_DIR; };
		487170D72BC8380700ED8D2F /* BookSpudApp.swift */ = {isa = PBXFileReference; lastKnownFileType = sourcecode.swift; path = BookSpudApp.swift; sourceTree = "<group>"; };
		487170D92BC8380700ED8D2F /* LoginView.swift */ = {isa = PBXFileReference; lastKnownFileType = sourcecode.swift; path = LoginView.swift; sourceTree = "<group>"; };
		487170DB2BC8380800ED8D2F /* Assets.xcassets */ = {isa = PBXFileReference; lastKnownFileType = folder.assetcatalog; path = Assets.xcassets; sourceTree = "<group>"; };
		487170DE2BC8380800ED8D2F /* Preview Assets.xcassets */ = {isa = PBXFileReference; lastKnownFileType = folder.assetcatalog; path = "Preview Assets.xcassets"; sourceTree = "<group>"; };
		487170E52BC839F200ED8D2F /* Color.xcassets */ = {isa = PBXFileReference; lastKnownFileType = folder.assetcatalog; path = Color.xcassets; sourceTree = "<group>"; };
		487170E92BC840D100ED8D2F /* SpoqaHanSansNeo-Regular.otf */ = {isa = PBXFileReference; lastKnownFileType = file; path = "SpoqaHanSansNeo-Regular.otf"; sourceTree = "<group>"; };
		487170EA2BC840D100ED8D2F /* SpoqaHanSansNeo-Thin.otf */ = {isa = PBXFileReference; lastKnownFileType = file; path = "SpoqaHanSansNeo-Thin.otf"; sourceTree = "<group>"; };
		487170EB2BC840D100ED8D2F /* SpoqaHanSansNeo-Light.otf */ = {isa = PBXFileReference; lastKnownFileType = file; path = "SpoqaHanSansNeo-Light.otf"; sourceTree = "<group>"; };
		487170EC2BC840D100ED8D2F /* SpoqaHanSansNeo-Medium.otf */ = {isa = PBXFileReference; lastKnownFileType = file; path = "SpoqaHanSansNeo-Medium.otf"; sourceTree = "<group>"; };
		487170ED2BC840D100ED8D2F /* SpoqaHanSansNeo-Bold.otf */ = {isa = PBXFileReference; lastKnownFileType = file; path = "SpoqaHanSansNeo-Bold.otf"; sourceTree = "<group>"; };
		487170F32BC8418100ED8D2F /* Info.plist */ = {isa = PBXFileReference; lastKnownFileType = text.plist; path = Info.plist; sourceTree = "<group>"; };
		487170F42BC841F400ED8D2F /* FontExtension.swift */ = {isa = PBXFileReference; lastKnownFileType = sourcecode.swift; path = FontExtension.swift; sourceTree = "<group>"; };
		487170F72BC845D600ED8D2F /* Icon.swift */ = {isa = PBXFileReference; lastKnownFileType = sourcecode.swift; path = Icon.swift; sourceTree = "<group>"; };
		4874F3BA2C0D785F0034698E /* BookListDetailView.swift */ = {isa = PBXFileReference; lastKnownFileType = sourcecode.swift; path = BookListDetailView.swift; sourceTree = "<group>"; };
		4874F3BC2C0D79700034698E /* BookDetailViewModel.swift */ = {isa = PBXFileReference; lastKnownFileType = sourcecode.swift; path = BookDetailViewModel.swift; sourceTree = "<group>"; };
		4874F3C02C0D7DD40034698E /* BookCountView.swift */ = {isa = PBXFileReference; lastKnownFileType = sourcecode.swift; path = BookCountView.swift; sourceTree = "<group>"; };
		4874F3C62C0D93300034698E /* SeletedEmotionBtn.swift */ = {isa = PBXFileReference; lastKnownFileType = sourcecode.swift; path = SeletedEmotionBtn.swift; sourceTree = "<group>"; };
		4876A83B2BF60B5200E1B204 /* EmotionVersesView.swift */ = {isa = PBXFileReference; lastKnownFileType = sourcecode.swift; path = EmotionVersesView.swift; sourceTree = "<group>"; };
		4876A83D2BF60B6F00E1B204 /* SelectEmotionView.swift */ = {isa = PBXFileReference; lastKnownFileType = sourcecode.swift; path = SelectEmotionView.swift; sourceTree = "<group>"; };
		487AF4B02BEF412E00EADE67 /* AccessTokenRefresher.swift */ = {isa = PBXFileReference; lastKnownFileType = sourcecode.swift; path = AccessTokenRefresher.swift; sourceTree = "<group>"; };
		487AF4B22BEF415500EADE67 /* TokenProviding.swift */ = {isa = PBXFileReference; lastKnownFileType = sourcecode.swift; path = TokenProviding.swift; sourceTree = "<group>"; };
		487AF4B42BEF418600EADE67 /* TokenProvider.swift */ = {isa = PBXFileReference; lastKnownFileType = sourcecode.swift; path = TokenProvider.swift; sourceTree = "<group>"; };
		487AF4B62BEF433100EADE67 /* AuthAPITarget.swift */ = {isa = PBXFileReference; lastKnownFileType = sourcecode.swift; path = AuthAPITarget.swift; sourceTree = "<group>"; };
		487F18FB2C0EC57F00DA93E5 /* OCRViewModel.swift */ = {isa = PBXFileReference; lastKnownFileType = sourcecode.swift; path = OCRViewModel.swift; sourceTree = "<group>"; };
		487F18FD2C0EC59700DA93E5 /* CameraView.swift */ = {isa = PBXFileReference; lastKnownFileType = sourcecode.swift; path = CameraView.swift; sourceTree = "<group>"; };
		487F19012C0EC5BC00DA93E5 /* OCRView.swift */ = {isa = PBXFileReference; lastKnownFileType = sourcecode.swift; path = OCRView.swift; sourceTree = "<group>"; };
		48875DF42BFC7C6500847986 /* BookRecommendView.swift */ = {isa = PBXFileReference; lastKnownFileType = sourcecode.swift; path = BookRecommendView.swift; sourceTree = "<group>"; };
		48875DF62BFC7F1F00847986 /* BookRecommendViewModel.swift */ = {isa = PBXFileReference; lastKnownFileType = sourcecode.swift; path = BookRecommendViewModel.swift; sourceTree = "<group>"; };
		488D1C1E2C082BD70080CCCC /* SuccessISBN.swift */ = {isa = PBXFileReference; lastKnownFileType = sourcecode.swift; path = SuccessISBN.swift; sourceTree = "<group>"; };
		488D41662C071CDA0031F5E1 /* VersesBackground.swift */ = {isa = PBXFileReference; lastKnownFileType = sourcecode.swift; path = VersesBackground.swift; sourceTree = "<group>"; };
		488D41682C0763230031F5E1 /* WritedMemo.swift */ = {isa = PBXFileReference; lastKnownFileType = sourcecode.swift; path = WritedMemo.swift; sourceTree = "<group>"; };
		488D416A2C0780540031F5E1 /* ISBNInputViewModel.swift */ = {isa = PBXFileReference; lastKnownFileType = sourcecode.swift; path = ISBNInputViewModel.swift; sourceTree = "<group>"; };
		488D416C2C0782A20031F5E1 /* ISBNCameraView.swift */ = {isa = PBXFileReference; lastKnownFileType = sourcecode.swift; path = ISBNCameraView.swift; sourceTree = "<group>"; };
		488D416E2C07A94E0031F5E1 /* BarcodeScannerView.swift */ = {isa = PBXFileReference; lastKnownFileType = sourcecode.swift; path = BarcodeScannerView.swift; sourceTree = "<group>"; };
		48920C402C0CD7CF008D7715 /* BookListViewModel.swift */ = {isa = PBXFileReference; lastKnownFileType = sourcecode.swift; path = BookListViewModel.swift; sourceTree = "<group>"; };
		489469742BDDF6F200A4C942 /* ImageHandling.swift */ = {isa = PBXFileReference; lastKnownFileType = sourcecode.swift; path = ImageHandling.swift; sourceTree = "<group>"; };
		489795892BF29104008ED803 /* ImageCacheManager.swift */ = {isa = PBXFileReference; lastKnownFileType = sourcecode.swift; path = ImageCacheManager.swift; sourceTree = "<group>"; };
		4897958D2BF29454008ED803 /* TopUserView.swift */ = {isa = PBXFileReference; lastKnownFileType = sourcecode.swift; path = TopUserView.swift; sourceTree = "<group>"; };
		4897958F2BF296F8008ED803 /* PotatoCircle.swift */ = {isa = PBXFileReference; lastKnownFileType = sourcecode.swift; path = PotatoCircle.swift; sourceTree = "<group>"; };
		4898711C2BF7786400F1903E /* ShadowReuse.swift */ = {isa = PBXFileReference; lastKnownFileType = sourcecode.swift; path = ShadowReuse.swift; sourceTree = "<group>"; };
		489C1E0F2C07C56E00E7EF4D /* ScanBookData.swift */ = {isa = PBXFileReference; lastKnownFileType = sourcecode.swift; path = ScanBookData.swift; sourceTree = "<group>"; };
		48A10BFE2BF7ACF900E4909E /* BookVersesView.swift */ = {isa = PBXFileReference; lastKnownFileType = sourcecode.swift; path = BookVersesView.swift; sourceTree = "<group>"; };
		48A10C032BF7B1B800E4909E /* GangwonEduSaeeum.otf */ = {isa = PBXFileReference; lastKnownFileType = file; path = GangwonEduSaeeum.otf; sourceTree = "<group>"; };
		48A48D182BFEBDD200552A28 /* CustomNavigation.swift */ = {isa = PBXFileReference; lastKnownFileType = sourcecode.swift; path = CustomNavigation.swift; sourceTree = "<group>"; };
		48A48D1D2BFEC1C200552A28 /* Pretendard-Regular.otf */ = {isa = PBXFileReference; lastKnownFileType = file; path = "Pretendard-Regular.otf"; sourceTree = "<group>"; };
		48A48D1F2BFEC1C200552A28 /* Pretendard-SemiBold.otf */ = {isa = PBXFileReference; lastKnownFileType = file; path = "Pretendard-SemiBold.otf"; sourceTree = "<group>"; };
		48A48D202BFEC1C300552A28 /* Pretendard-Light.otf */ = {isa = PBXFileReference; lastKnownFileType = file; path = "Pretendard-Light.otf"; sourceTree = "<group>"; };
		48A48D222BFEC1C300552A28 /* Pretendard-Bold.otf */ = {isa = PBXFileReference; lastKnownFileType = file; path = "Pretendard-Bold.otf"; sourceTree = "<group>"; };
		48A48D232BFEC1C300552A28 /* Pretendard-Medium.otf */ = {isa = PBXFileReference; lastKnownFileType = file; path = "Pretendard-Medium.otf"; sourceTree = "<group>"; };
		48A650502BEF9C93006D4267 /* TopRadiusView.swift */ = {isa = PBXFileReference; lastKnownFileType = sourcecode.swift; path = TopRadiusView.swift; sourceTree = "<group>"; };
		48AAA7162BDE6E720079F939 /* ShowImagePicker.swift */ = {isa = PBXFileReference; lastKnownFileType = sourcecode.swift; path = ShowImagePicker.swift; sourceTree = "<group>"; };
		48ABDBAA2BF72BC100EF520C /* EmotionData.swift */ = {isa = PBXFileReference; lastKnownFileType = sourcecode.swift; path = EmotionData.swift; sourceTree = "<group>"; };
		48ABDBAC2BF7324900EF520C /* EmotionPickerView.swift */ = {isa = PBXFileReference; lastKnownFileType = sourcecode.swift; path = EmotionPickerView.swift; sourceTree = "<group>"; };
		48ABDBAE2BF732C100EF520C /* TopUserViewModel.swift */ = {isa = PBXFileReference; lastKnownFileType = sourcecode.swift; path = TopUserViewModel.swift; sourceTree = "<group>"; };
		48ABDBB02BF7336500EF520C /* EmotionVersesViewModel.swift */ = {isa = PBXFileReference; lastKnownFileType = sourcecode.swift; path = EmotionVersesViewModel.swift; sourceTree = "<group>"; };
		48B422F82BFF2AF1009839AD /* EmptyBookView.swift */ = {isa = PBXFileReference; lastKnownFileType = sourcecode.swift; path = EmptyBookView.swift; sourceTree = "<group>"; };
		48C053662C0DF4DA0032969B /* BookMarkRegistView.swift */ = {isa = PBXFileReference; lastKnownFileType = sourcecode.swift; path = BookMarkRegistView.swift; sourceTree = "<group>"; };
		48C053682C0DF59A0032969B /* BookEmotionKind.swift */ = {isa = PBXFileReference; lastKnownFileType = sourcecode.swift; path = BookEmotionKind.swift; sourceTree = "<group>"; };
		48C0536C2C0DF7060032969B /* BookMarkTitleView.swift */ = {isa = PBXFileReference; lastKnownFileType = sourcecode.swift; path = BookMarkTitleView.swift; sourceTree = "<group>"; };
		48C0536F2C0E00BC0032969B /* BookMarkResgistViewModel.swift */ = {isa = PBXFileReference; lastKnownFileType = sourcecode.swift; path = BookMarkResgistViewModel.swift; sourceTree = "<group>"; };
		48C053712C0E06680032969B /* MemoTextField.swift */ = {isa = PBXFileReference; lastKnownFileType = sourcecode.swift; path = MemoTextField.swift; sourceTree = "<group>"; };
		48C053732C0E2EB40032969B /* OnBoardScreen.swift */ = {isa = PBXFileReference; lastKnownFileType = sourcecode.swift; path = OnBoardScreen.swift; sourceTree = "<group>"; };
		48C19A732BC93497007B5B1F /* LoginViewModel.swift */ = {isa = PBXFileReference; lastKnownFileType = sourcecode.swift; path = LoginViewModel.swift; sourceTree = "<group>"; };
		48C19A812BC93B36007B5B1F /* KakaoLoginMananger.swift */ = {isa = PBXFileReference; lastKnownFileType = sourcecode.swift; path = KakaoLoginMananger.swift; sourceTree = "<group>"; };
		48D5C2B12C01CBCC0088FD26 /* BookRecommendDetailRow.swift */ = {isa = PBXFileReference; lastKnownFileType = sourcecode.swift; path = BookRecommendDetailRow.swift; sourceTree = "<group>"; };
		48DE6DF02BEF47C30096A069 /* TokenResponse.swift */ = {isa = PBXFileReference; lastKnownFileType = sourcecode.swift; path = TokenResponse.swift; sourceTree = "<group>"; };
		48DE6DF82BEF59880096A069 /* BookSpudTabView.swift */ = {isa = PBXFileReference; lastKnownFileType = sourcecode.swift; path = BookSpudTabView.swift; sourceTree = "<group>"; };
		48DE6DFE2BEF5D8B0096A069 /* HomeView.swift */ = {isa = PBXFileReference; lastKnownFileType = sourcecode.swift; path = HomeView.swift; sourceTree = "<group>"; };
		48DE6E002BEF5D960096A069 /* BookListView.swift */ = {isa = PBXFileReference; lastKnownFileType = sourcecode.swift; path = BookListView.swift; sourceTree = "<group>"; };
		48DE6E022BEF5DA30096A069 /* ISBNManualView.swift */ = {isa = PBXFileReference; lastKnownFileType = sourcecode.swift; path = ISBNManualView.swift; sourceTree = "<group>"; };
		48DE6E042BEF5DAB0096A069 /* SpudView.swift */ = {isa = PBXFileReference; lastKnownFileType = sourcecode.swift; path = SpudView.swift; sourceTree = "<group>"; };
		48DE6E062BEF5DB10096A069 /* ReportView.swift */ = {isa = PBXFileReference; lastKnownFileType = sourcecode.swift; path = ReportView.swift; sourceTree = "<group>"; };
		48DE6E0A2BEF67630096A069 /* BookSpudTab.swift */ = {isa = PBXFileReference; lastKnownFileType = sourcecode.swift; path = BookSpudTab.swift; sourceTree = "<group>"; };
		48DE6E0C2BEF6EC90096A069 /* CustomTabView.swift */ = {isa = PBXFileReference; lastKnownFileType = sourcecode.swift; path = CustomTabView.swift; sourceTree = "<group>"; };
		48E2446B2C042E1900B7F695 /* EmotionUserViewModel.swift */ = {isa = PBXFileReference; lastKnownFileType = sourcecode.swift; path = EmotionUserViewModel.swift; sourceTree = "<group>"; };
		48E24C562BFC651A00A46E77 /* MainDotLine.swift */ = {isa = PBXFileReference; lastKnownFileType = sourcecode.swift; path = MainDotLine.swift; sourceTree = "<group>"; };
		48E24C5B2BFC6B0900A46E77 /* BookRecommendData.swift */ = {isa = PBXFileReference; lastKnownFileType = sourcecode.swift; path = BookRecommendData.swift; sourceTree = "<group>"; };
		48E24C5E2BFC6C4300A46E77 /* BookRecommendCardViewModel.swift */ = {isa = PBXFileReference; lastKnownFileType = sourcecode.swift; path = BookRecommendCardViewModel.swift; sourceTree = "<group>"; };
		48E24C612BFC713500A46E77 /* BookRecommendCard.swift */ = {isa = PBXFileReference; lastKnownFileType = sourcecode.swift; path = BookRecommendCard.swift; sourceTree = "<group>"; };
		48EB4F202C0381C6007B5668 /* EmotionUserProfile.swift */ = {isa = PBXFileReference; lastKnownFileType = sourcecode.swift; path = EmotionUserProfile.swift; sourceTree = "<group>"; };
		48EB4F232C038237007B5668 /* EmotionUserData.swift */ = {isa = PBXFileReference; lastKnownFileType = sourcecode.swift; path = EmotionUserData.swift; sourceTree = "<group>"; };
/* End PBXFileReference section */

/* Begin PBXFrameworksBuildPhase section */
		487170D12BC8380700ED8D2F /* Frameworks */ = {
			isa = PBXFrameworksBuildPhase;
			buildActionMask = 2147483647;
			files = (
				4846B69F2C049AEA001ED502 /* RxMoya in Frameworks */,
				48C19A7D2BC939A4007B5B1F /* KakaoSDKCertCore in Frameworks */,
				48C19A7B2BC939A4007B5B1F /* KakaoSDKCert in Frameworks */,
				480F6D2D2BC996DE008D958E /* CombineMoya in Frameworks */,
				48C19A772BC939A4007B5B1F /* KakaoSDK in Frameworks */,
				48C19A7F2BC939A4007B5B1F /* KakaoSDKCommon in Frameworks */,
				4846B69D2C049AEA001ED502 /* ReactiveMoya in Frameworks */,
				4846B69B2C049AEA001ED502 /* Moya in Frameworks */,
				480F6D312BC996DE008D958E /* ReactiveMoya in Frameworks */,
				480F6D332BC996DE008D958E /* RxMoya in Frameworks */,
				480F6D2F2BC996DE008D958E /* Moya in Frameworks */,
				4846B6992C049AEA001ED502 /* CombineMoya in Frameworks */,
				48C19A792BC939A4007B5B1F /* KakaoSDKAuth in Frameworks */,
			);
			runOnlyForDeploymentPostprocessing = 0;
		};
/* End PBXFrameworksBuildPhase section */

/* Begin PBXGroup section */
		480F6D342BC9991B008D958E /* ProfileSetting */ = {
			isa = PBXGroup;
			children = (
				4825672B2BEFC2E000B4C6E8 /* ProfileAPITarget.swift */,
				480F6D362BC99943008D958E /* ProfileModel.swift */,
				480F6D382BC99969008D958E /* ProfileSettingView.swift */,
				4800C5C92BDC7F78001431BE /* ProfileViewModel.swift */,
			);
			path = ProfileSetting;
			sourceTree = "<group>";
		};
		480F6D3A2BC99D83008D958E /* GlboalComponent */ = {
			isa = PBXGroup;
			children = (
				48A650502BEF9C93006D4267 /* TopRadiusView.swift */,
				480F6D3C2BC99D9D008D958E /* CustomTextField.swift */,
				4800C5CC2BDC8532001431BE /* GlobalMainBtn.swift */,
				4897958F2BF296F8008ED803 /* PotatoCircle.swift */,
				48E24C562BFC651A00A46E77 /* MainDotLine.swift */,
				48A48D182BFEBDD200552A28 /* CustomNavigation.swift */,
				48B422F82BFF2AF1009839AD /* EmptyBookView.swift */,
				488D41662C071CDA0031F5E1 /* VersesBackground.swift */,
				488D41682C0763230031F5E1 /* WritedMemo.swift */,
				48C053712C0E06680032969B /* MemoTextField.swift */,
			);
			path = GlboalComponent;
			sourceTree = "<group>";
		};
		481F69BB2C049C2E0095867F /* CheckingUserBookMark */ = {
			isa = PBXGroup;
			children = (
				481F69BC2C049D5A0095867F /* CheckingUserBookMarkView.swift */,
				481F69BE2C049D960095867F /* CheckingUserBookMarkViewModel.swift */,
				481F69C02C049EDF0095867F /* CheckingUserBookData.swift */,
			);
			path = CheckingUserBookMark;
			sourceTree = "<group>";
		};
		4820557F2BDFDD10004E0D78 /* KeyChain */ = {
			isa = PBXGroup;
			children = (
				482055802BDFDD23004E0D78 /* KeyChainManager.swift */,
				482055822BDFE1F2004E0D78 /* UserInfo.swift */,
			);
			path = KeyChain;
			sourceTree = "<group>";
		};
		482F3F112C0C9D23003E7B00 /* BookListCard */ = {
			isa = PBXGroup;
			children = (
				482F3F0F2C0C876D003E7B00 /* ReadingStatus.swift */,
				482F3F122C0C9D35003E7B00 /* BookListCardView.swift */,
				482F3F182C0CA401003E7B00 /* BookListCardViewModel.swift */,
				482F3F1B2C0CAA25003E7B00 /* BookReadProgressView.swift */,
			);
			path = BookListCard;
			sourceTree = "<group>";
		};
		483628F72BE4D3600070FD7F /* Views */ = {
			isa = PBXGroup;
			children = (
				48DE6DF52BEF554D0096A069 /* TapView */,
				483628F82BE4D37D0070FD7F /* HomeTap */,
				48DE6DFA2BEF5D420096A069 /* BookTap */,
				48DE6DFB2BEF5D520096A069 /* ISBNTap */,
				48DE6DFC2BEF5D6C0096A069 /* SpudTab */,
				48DE6DFD2BEF5D760096A069 /* ReportTab */,
			);
			path = Views;
			sourceTree = "<group>";
		};
		483628F82BE4D37D0070FD7F /* HomeTap */ = {
			isa = PBXGroup;
			children = (
				483968452BFCE762002A3035 /* EmotionGraph */,
				48E24C582BFC69A300A46E77 /* BookRecommend */,
				4876A8382BF60B2D00E1B204 /* EmotionVerses */,
				489795852BF28F56008ED803 /* TopUserInfo */,
				486348012BF2C72A006628F3 /* APITargets */,
				48DE6DFE2BEF5D8B0096A069 /* HomeView.swift */,
				486347FF2BF2C6C2006628F3 /* HomeViewModel.swift */,
			);
			path = HomeTap;
			sourceTree = "<group>";
		};
		483968452BFCE762002A3035 /* EmotionGraph */ = {
			isa = PBXGroup;
			children = (
				483968462BFCE80D002A3035 /* NoRegistEmotion.swift */,
				483968482BFCEE4F002A3035 /* EmotionChartView.swift */,
				4839684B2BFCEF64002A3035 /* EmotionChartViewModel.swift */,
				4839684D2BFCF688002A3035 /* EmotionChartData.swift */,
			);
			path = EmotionGraph;
			sourceTree = "<group>";
		};
		486348012BF2C72A006628F3 /* APITargets */ = {
			isa = PBXGroup;
			children = (
				486348022BF2C7E7006628F3 /* HomeUserInfoAPITarget.swift */,
			);
			path = APITargets;
			sourceTree = "<group>";
		};
		487170CB2BC8380700ED8D2F = {
			isa = PBXGroup;
			children = (
				487170D62BC8380700ED8D2F /* BookSpud */,
				487170D52BC8380700ED8D2F /* Products */,
			);
			sourceTree = "<group>";
		};
		487170D52BC8380700ED8D2F /* Products */ = {
			isa = PBXGroup;
			children = (
				487170D42BC8380700ED8D2F /* BookSpud.app */,
			);
			name = Products;
			sourceTree = "<group>";
		};
		487170D62BC8380700ED8D2F /* BookSpud */ = {
			isa = PBXGroup;
			children = (
				483628F72BE4D3600070FD7F /* Views */,
				489469722BDDF6DB00A4C942 /* GlobalFile */,
				480F6D3A2BC99D83008D958E /* GlboalComponent */,
				480F6D342BC9991B008D958E /* ProfileSetting */,
				487170F92BC8463300ED8D2F /* Login */,
				487170F62BC845BB00ED8D2F /* Setting */,
				487170E82BC840C500ED8D2F /* Fonts */,
				487170DD2BC8380800ED8D2F /* Preview Content */,
				487170F32BC8418100ED8D2F /* Info.plist */,
			);
			path = BookSpud;
			sourceTree = "<group>";
		};
		487170DD2BC8380800ED8D2F /* Preview Content */ = {
			isa = PBXGroup;
			children = (
				487170DE2BC8380800ED8D2F /* Preview Assets.xcassets */,
			);
			path = "Preview Content";
			sourceTree = "<group>";
		};
		487170E82BC840C500ED8D2F /* Fonts */ = {
			isa = PBXGroup;
			children = (
				48A48D1B2BFEC1B500552A28 /* Pretendard */,
				48A48D1A2BFEC1A400552A28 /* SpoqaHan */,
				48A10C032BF7B1B800E4909E /* GangwonEduSaeeum.otf */,
				487170F42BC841F400ED8D2F /* FontExtension.swift */,
			);
			path = Fonts;
			sourceTree = "<group>";
		};
		487170F62BC845BB00ED8D2F /* Setting */ = {
			isa = PBXGroup;
			children = (
				487170D72BC8380700ED8D2F /* BookSpudApp.swift */,
				487170F72BC845D600ED8D2F /* Icon.swift */,
				4819A1B22BE4C65800DDED13 /* KeyboardHideExtension.swift */,
				48607EF92BE4D46500284E38 /* RoundedCorner.swift */,
				4898711C2BF7786400F1903E /* ShadowReuse.swift */,
				48C053732C0E2EB40032969B /* OnBoardScreen.swift */,
				487170DB2BC8380800ED8D2F /* Assets.xcassets */,
				487170E52BC839F200ED8D2F /* Color.xcassets */,
			);
			path = Setting;
			sourceTree = "<group>";
		};
		487170F92BC8463300ED8D2F /* Login */ = {
			isa = PBXGroup;
			children = (
				4820557F2BDFDD10004E0D78 /* KeyChain */,
				48C19A802BC93B24007B5B1F /* Kakao */,
				487170D92BC8380700ED8D2F /* LoginView.swift */,
				48C19A732BC93497007B5B1F /* LoginViewModel.swift */,
				486348042BF2CA1E006628F3 /* LoginAPITarget.swift */,
			);
			path = Login;
			sourceTree = "<group>";
		};
		4874F3B92C0D784C0034698E /* BookListDetailView */ = {
			isa = PBXGroup;
			children = (
				4874F3BA2C0D785F0034698E /* BookListDetailView.swift */,
				4874F3C02C0D7DD40034698E /* BookCountView.swift */,
				4874F3BC2C0D79700034698E /* BookDetailViewModel.swift */,
				4874F3C62C0D93300034698E /* SeletedEmotionBtn.swift */,
				480638882C0D9D6200EA9B91 /* BookMarkData.swift */,
			);
			path = BookListDetailView;
			sourceTree = "<group>";
		};
		4876A8382BF60B2D00E1B204 /* EmotionVerses */ = {
			isa = PBXGroup;
			children = (
				48ABDBB22BF733DF00EF520C /* EmotionVersesView */,
				4876A83B2BF60B5200E1B204 /* EmotionVersesView.swift */,
				48ABDBAA2BF72BC100EF520C /* EmotionData.swift */,
				48ABDBB02BF7336500EF520C /* EmotionVersesViewModel.swift */,
			);
			path = EmotionVerses;
			sourceTree = "<group>";
		};
		487AF4AF2BEF410900EADE67 /* TokenRefresh */ = {
			isa = PBXGroup;
			children = (
				487AF4B02BEF412E00EADE67 /* AccessTokenRefresher.swift */,
				487AF4B42BEF418600EADE67 /* TokenProvider.swift */,
				487AF4B22BEF415500EADE67 /* TokenProviding.swift */,
				487AF4B62BEF433100EADE67 /* AuthAPITarget.swift */,
				48DE6DF02BEF47C30096A069 /* TokenResponse.swift */,
			);
			path = TokenRefresh;
			sourceTree = "<group>";
		};
		487F18FA2C0EC54C00DA93E5 /* OCR */ = {
			isa = PBXGroup;
			children = (
				487F18FB2C0EC57F00DA93E5 /* OCRViewModel.swift */,
				487F18FD2C0EC59700DA93E5 /* CameraView.swift */,
				487F19012C0EC5BC00DA93E5 /* OCRView.swift */,
			);
			path = OCR;
			sourceTree = "<group>";
		};
		489469722BDDF6DB00A4C942 /* GlobalFile */ = {
			isa = PBXGroup;
			children = (
				489795882BF29021008ED803 /* CacheFile */,
				489469732BDDF6E700A4C942 /* ImagePicker */,
				487AF4AF2BEF410900EADE67 /* TokenRefresh */,
			);
			path = GlobalFile;
			sourceTree = "<group>";
		};
		489469732BDDF6E700A4C942 /* ImagePicker */ = {
			isa = PBXGroup;
			children = (
				489469742BDDF6F200A4C942 /* ImageHandling.swift */,
				48AAA7162BDE6E720079F939 /* ShowImagePicker.swift */,
			);
			path = ImagePicker;
			sourceTree = "<group>";
		};
		489795852BF28F56008ED803 /* TopUserInfo */ = {
			isa = PBXGroup;
			children = (
				4897958D2BF29454008ED803 /* TopUserView.swift */,
				48ABDBAE2BF732C100EF520C /* TopUserViewModel.swift */,
			);
			path = TopUserInfo;
			sourceTree = "<group>";
		};
		489795882BF29021008ED803 /* CacheFile */ = {
			isa = PBXGroup;
			children = (
				489795892BF29104008ED803 /* ImageCacheManager.swift */,
			);
			path = CacheFile;
			sourceTree = "<group>";
		};
		489C1E0E2C07C54F00E7EF4D /* Views */ = {
			isa = PBXGroup;
			children = (
				488D416E2C07A94E0031F5E1 /* BarcodeScannerView.swift */,
				48DE6E022BEF5DA30096A069 /* ISBNManualView.swift */,
				488D416C2C0782A20031F5E1 /* ISBNCameraView.swift */,
				488D1C1E2C082BD70080CCCC /* SuccessISBN.swift */,
			);
			path = Views;
			sourceTree = "<group>";
		};
		48A48D1A2BFEC1A400552A28 /* SpoqaHan */ = {
			isa = PBXGroup;
			children = (
				487170ED2BC840D100ED8D2F /* SpoqaHanSansNeo-Bold.otf */,
				487170EB2BC840D100ED8D2F /* SpoqaHanSansNeo-Light.otf */,
				487170EC2BC840D100ED8D2F /* SpoqaHanSansNeo-Medium.otf */,
				487170E92BC840D100ED8D2F /* SpoqaHanSansNeo-Regular.otf */,
				487170EA2BC840D100ED8D2F /* SpoqaHanSansNeo-Thin.otf */,
			);
			path = SpoqaHan;
			sourceTree = "<group>";
		};
		48A48D1B2BFEC1B500552A28 /* Pretendard */ = {
			isa = PBXGroup;
			children = (
				48A48D222BFEC1C300552A28 /* Pretendard-Bold.otf */,
				48A48D202BFEC1C300552A28 /* Pretendard-Light.otf */,
				48A48D232BFEC1C300552A28 /* Pretendard-Medium.otf */,
				48A48D1D2BFEC1C200552A28 /* Pretendard-Regular.otf */,
				48A48D1F2BFEC1C200552A28 /* Pretendard-SemiBold.otf */,
			);
			path = Pretendard;
			sourceTree = "<group>";
		};
		48A48D2C2BFEC80F00552A28 /* BookRecommendDetail */ = {
			isa = PBXGroup;
			children = (
				481F69BB2C049C2E0095867F /* CheckingUserBookMark */,
				48EB4F222C0381F2007B5668 /* EmotionUserProfile */,
				4859170A2BFED2A800DC3650 /* BookRecommendDetailView.swift */,
				48D5C2B12C01CBCC0088FD26 /* BookRecommendDetailRow.swift */,
			);
			path = BookRecommendDetail;
			sourceTree = "<group>";
		};
		48ABDBB22BF733DF00EF520C /* EmotionVersesView */ = {
			isa = PBXGroup;
			children = (
				4876A83D2BF60B6F00E1B204 /* SelectEmotionView.swift */,
				48ABDBAC2BF7324900EF520C /* EmotionPickerView.swift */,
				48A10BFE2BF7ACF900E4909E /* BookVersesView.swift */,
			);
			path = EmotionVersesView;
			sourceTree = "<group>";
		};
		48C053652C0DF4350032969B /* BookMarkRegist */ = {
			isa = PBXGroup;
			children = (
				487F18FA2C0EC54C00DA93E5 /* OCR */,
				48C053662C0DF4DA0032969B /* BookMarkRegistView.swift */,
				48C0536C2C0DF7060032969B /* BookMarkTitleView.swift */,
				48C0536F2C0E00BC0032969B /* BookMarkResgistViewModel.swift */,
			);
			path = BookMarkRegist;
			sourceTree = "<group>";
		};
		48C19A802BC93B24007B5B1F /* Kakao */ = {
			isa = PBXGroup;
			children = (
				48C19A812BC93B36007B5B1F /* KakaoLoginMananger.swift */,
			);
			path = Kakao;
			sourceTree = "<group>";
		};
		48DE6DF52BEF554D0096A069 /* TapView */ = {
			isa = PBXGroup;
			children = (
				48DE6DF82BEF59880096A069 /* BookSpudTabView.swift */,
				48DE6E0C2BEF6EC90096A069 /* CustomTabView.swift */,
				48DE6E0A2BEF67630096A069 /* BookSpudTab.swift */,
			);
			path = TapView;
			sourceTree = "<group>";
		};
		48DE6DFA2BEF5D420096A069 /* BookTap */ = {
			isa = PBXGroup;
			children = (
				48C053652C0DF4350032969B /* BookMarkRegist */,
				4874F3B92C0D784C0034698E /* BookListDetailView */,
				482F3F112C0C9D23003E7B00 /* BookListCard */,
				48DE6E002BEF5D960096A069 /* BookListView.swift */,
				482F3F162C0CA334003E7B00 /* BookListBookData.swift */,
				482F3F0D2C0C833E003E7B00 /* BookStatusBtn.swift */,
				48920C402C0CD7CF008D7715 /* BookListViewModel.swift */,
				48C053682C0DF59A0032969B /* BookEmotionKind.swift */,
			);
			path = BookTap;
			sourceTree = "<group>";
		};
		48DE6DFB2BEF5D520096A069 /* ISBNTap */ = {
			isa = PBXGroup;
			children = (
				489C1E0E2C07C54F00E7EF4D /* Views */,
				488D416A2C0780540031F5E1 /* ISBNInputViewModel.swift */,
				489C1E0F2C07C56E00E7EF4D /* ScanBookData.swift */,
				482F3F0B2C0C60CA003E7B00 /* KakaoBookAPITarget.swift */,
			);
			path = ISBNTap;
			sourceTree = "<group>";
		};
		48DE6DFC2BEF5D6C0096A069 /* SpudTab */ = {
			isa = PBXGroup;
			children = (
				48DE6E042BEF5DAB0096A069 /* SpudView.swift */,
			);
			path = SpudTab;
			sourceTree = "<group>";
		};
		48DE6DFD2BEF5D760096A069 /* ReportTab */ = {
			isa = PBXGroup;
			children = (
				48DE6E062BEF5DB10096A069 /* ReportView.swift */,
			);
			path = ReportTab;
			sourceTree = "<group>";
		};
		48E24C582BFC69A300A46E77 /* BookRecommend */ = {
			isa = PBXGroup;
			children = (
				48A48D2C2BFEC80F00552A28 /* BookRecommendDetail */,
				48E24C602BFC711800A46E77 /* BookRecommendCardView */,
				48E24C5B2BFC6B0900A46E77 /* BookRecommendData.swift */,
				48875DF42BFC7C6500847986 /* BookRecommendView.swift */,
				48875DF62BFC7F1F00847986 /* BookRecommendViewModel.swift */,
			);
			path = BookRecommend;
			sourceTree = "<group>";
		};
		48E24C602BFC711800A46E77 /* BookRecommendCardView */ = {
			isa = PBXGroup;
			children = (
				48E24C5E2BFC6C4300A46E77 /* BookRecommendCardViewModel.swift */,
				48E24C612BFC713500A46E77 /* BookRecommendCard.swift */,
			);
			path = BookRecommendCardView;
			sourceTree = "<group>";
		};
		48EB4F222C0381F2007B5668 /* EmotionUserProfile */ = {
			isa = PBXGroup;
			children = (
				48EB4F202C0381C6007B5668 /* EmotionUserProfile.swift */,
				48EB4F232C038237007B5668 /* EmotionUserData.swift */,
				48E2446B2C042E1900B7F695 /* EmotionUserViewModel.swift */,
			);
			path = EmotionUserProfile;
			sourceTree = "<group>";
		};
/* End PBXGroup section */

/* Begin PBXNativeTarget section */
		487170D32BC8380700ED8D2F /* BookSpud */ = {
			isa = PBXNativeTarget;
			buildConfigurationList = 487170E22BC8380800ED8D2F /* Build configuration list for PBXNativeTarget "BookSpud" */;
			buildPhases = (
				487170D02BC8380700ED8D2F /* Sources */,
				487170D12BC8380700ED8D2F /* Frameworks */,
				487170D22BC8380700ED8D2F /* Resources */,
			);
			buildRules = (
			);
			dependencies = (
			);
			name = BookSpud;
			packageProductDependencies = (
				48C19A762BC939A4007B5B1F /* KakaoSDK */,
				48C19A782BC939A4007B5B1F /* KakaoSDKAuth */,
				48C19A7A2BC939A4007B5B1F /* KakaoSDKCert */,
				48C19A7C2BC939A4007B5B1F /* KakaoSDKCertCore */,
				48C19A7E2BC939A4007B5B1F /* KakaoSDKCommon */,
				480F6D2C2BC996DE008D958E /* CombineMoya */,
				480F6D2E2BC996DE008D958E /* Moya */,
				480F6D302BC996DE008D958E /* ReactiveMoya */,
				480F6D322BC996DE008D958E /* RxMoya */,
				4846B6982C049AEA001ED502 /* CombineMoya */,
				4846B69A2C049AEA001ED502 /* Moya */,
				4846B69C2C049AEA001ED502 /* ReactiveMoya */,
				4846B69E2C049AEA001ED502 /* RxMoya */,
			);
			productName = BookSpud;
			productReference = 487170D42BC8380700ED8D2F /* BookSpud.app */;
			productType = "com.apple.product-type.application";
		};
/* End PBXNativeTarget section */

/* Begin PBXProject section */
		487170CC2BC8380700ED8D2F /* Project object */ = {
			isa = PBXProject;
			attributes = {
				BuildIndependentTargetsInParallel = 1;
				LastSwiftUpdateCheck = 1520;
				LastUpgradeCheck = 1520;
				TargetAttributes = {
					487170D32BC8380700ED8D2F = {
						CreatedOnToolsVersion = 15.2;
					};
				};
			};
			buildConfigurationList = 487170CF2BC8380700ED8D2F /* Build configuration list for PBXProject "BookSpud" */;
			compatibilityVersion = "Xcode 14.0";
			developmentRegion = en;
			hasScannedForEncodings = 0;
			knownRegions = (
				en,
				Base,
			);
			mainGroup = 487170CB2BC8380700ED8D2F;
			packageReferences = (
				48C19A752BC939A4007B5B1F /* XCRemoteSwiftPackageReference "kakao-ios-sdk" */,
				480F6D2B2BC996DE008D958E /* XCRemoteSwiftPackageReference "Moya" */,
			);
			productRefGroup = 487170D52BC8380700ED8D2F /* Products */;
			projectDirPath = "";
			projectRoot = "";
			targets = (
				487170D32BC8380700ED8D2F /* BookSpud */,
			);
		};
/* End PBXProject section */

/* Begin PBXResourcesBuildPhase section */
		487170D22BC8380700ED8D2F /* Resources */ = {
			isa = PBXResourcesBuildPhase;
			buildActionMask = 2147483647;
			files = (
				48A10C042BF7B1B800E4909E /* GangwonEduSaeeum.otf in Resources */,
				48A48D2A2BFEC1C300552A28 /* Pretendard-Bold.otf in Resources */,
				487170DF2BC8380800ED8D2F /* Preview Assets.xcassets in Resources */,
				48A48D2B2BFEC1C300552A28 /* Pretendard-Medium.otf in Resources */,
				48A48D272BFEC1C300552A28 /* Pretendard-SemiBold.otf in Resources */,
				487170F02BC840D100ED8D2F /* SpoqaHanSansNeo-Light.otf in Resources */,
				487170F12BC840D100ED8D2F /* SpoqaHanSansNeo-Medium.otf in Resources */,
				487170EF2BC840D100ED8D2F /* SpoqaHanSansNeo-Thin.otf in Resources */,
				487170DC2BC8380800ED8D2F /* Assets.xcassets in Resources */,
				487170E62BC839F200ED8D2F /* Color.xcassets in Resources */,
				48A48D252BFEC1C300552A28 /* Pretendard-Regular.otf in Resources */,
				48A48D282BFEC1C300552A28 /* Pretendard-Light.otf in Resources */,
				487170EE2BC840D100ED8D2F /* SpoqaHanSansNeo-Regular.otf in Resources */,
				487170F22BC840D100ED8D2F /* SpoqaHanSansNeo-Bold.otf in Resources */,
			);
			runOnlyForDeploymentPostprocessing = 0;
		};
/* End PBXResourcesBuildPhase section */

/* Begin PBXSourcesBuildPhase section */
		487170D02BC8380700ED8D2F /* Sources */ = {
			isa = PBXSourcesBuildPhase;
			buildActionMask = 2147483647;
			files = (
				48C053702C0E00BC0032969B /* BookMarkResgistViewModel.swift in Sources */,
				48EB4F242C038237007B5668 /* EmotionUserData.swift in Sources */,
				483968502BFCFAD3002A3035 /* EmotionData.swift in Sources */,
				48EB4F212C0381C6007B5668 /* EmotionUserProfile.swift in Sources */,
				488D1C1F2C082BD70080CCCC /* SuccessISBN.swift in Sources */,
				4839684F2BFCFAD1002A3035 /* EmotionChartData.swift in Sources */,
				48C19A742BC93497007B5B1F /* LoginViewModel.swift in Sources */,
				488D416D2C0782A20031F5E1 /* ISBNCameraView.swift in Sources */,
				487170F52BC841F400ED8D2F /* FontExtension.swift in Sources */,
				488D416F2C07A94E0031F5E1 /* BarcodeScannerView.swift in Sources */,
				4874F3C12C0D7DD40034698E /* BookCountView.swift in Sources */,
				488D41672C071CDA0031F5E1 /* VersesBackground.swift in Sources */,
				481F69BD2C049D5A0095867F /* CheckingUserBookMarkView.swift in Sources */,
				48C053672C0DF4DA0032969B /* BookMarkRegistView.swift in Sources */,
				487AF4B52BEF418600EADE67 /* TokenProvider.swift in Sources */,
				48A48D192BFEBDD200552A28 /* CustomNavigation.swift in Sources */,
				486348052BF2CA1E006628F3 /* LoginAPITarget.swift in Sources */,
				48DE6E0B2BEF67630096A069 /* BookSpudTab.swift in Sources */,
				4897958A2BF29104008ED803 /* ImageCacheManager.swift in Sources */,
				489C1E102C07C56E00E7EF4D /* ScanBookData.swift in Sources */,
				4897958E2BF29454008ED803 /* TopUserView.swift in Sources */,
				489469752BDDF6F200A4C942 /* ImageHandling.swift in Sources */,
				48ABDBAD2BF7324900EF520C /* EmotionPickerView.swift in Sources */,
				487F18FE2C0EC59700DA93E5 /* CameraView.swift in Sources */,
				482F3F0C2C0C60CA003E7B00 /* KakaoBookAPITarget.swift in Sources */,
				48A650512BEF9C93006D4267 /* TopRadiusView.swift in Sources */,
				48DE6E012BEF5D960096A069 /* BookListView.swift in Sources */,
				48E24C5F2BFC6C4300A46E77 /* BookRecommendCardViewModel.swift in Sources */,
				4839684C2BFCEF64002A3035 /* EmotionChartViewModel.swift in Sources */,
				4800C5CD2BDC8532001431BE /* GlobalMainBtn.swift in Sources */,
				48875DF52BFC7C6500847986 /* BookRecommendView.swift in Sources */,
				4874F3C72C0D93300034698E /* SeletedEmotionBtn.swift in Sources */,
				48E24C622BFC713500A46E77 /* BookRecommendCard.swift in Sources */,
				48DE6DF92BEF59880096A069 /* BookSpudTabView.swift in Sources */,
				4874F3BD2C0D79700034698E /* BookDetailViewModel.swift in Sources */,
				488D41692C0763230031F5E1 /* WritedMemo.swift in Sources */,
				480F6D372BC99943008D958E /* ProfileModel.swift in Sources */,
				48ABDBB12BF7336500EF520C /* EmotionVersesViewModel.swift in Sources */,
				48C053692C0DF59A0032969B /* BookEmotionKind.swift in Sources */,
				48920C412C0CD7CF008D7715 /* BookListViewModel.swift in Sources */,
				483968492BFCEE4F002A3035 /* EmotionChartView.swift in Sources */,
				48D5C2B22C01CBCC0088FD26 /* BookRecommendDetailRow.swift in Sources */,
				482F3F192C0CA401003E7B00 /* BookListCardViewModel.swift in Sources */,
				48E24C5C2BFC6B0900A46E77 /* BookRecommendData.swift in Sources */,
				48E24C572BFC651A00A46E77 /* MainDotLine.swift in Sources */,
				482055812BDFDD23004E0D78 /* KeyChainManager.swift in Sources */,
				48ABDBAF2BF732C100EF520C /* TopUserViewModel.swift in Sources */,
				482F3F132C0C9D35003E7B00 /* BookListCardView.swift in Sources */,
				481F69BF2C049D960095867F /* CheckingUserBookMarkViewModel.swift in Sources */,
				480638892C0D9D6200EA9B91 /* BookMarkData.swift in Sources */,
				487F19022C0EC5BC00DA93E5 /* OCRView.swift in Sources */,
				487AF4B12BEF412E00EADE67 /* AccessTokenRefresher.swift in Sources */,
				48C19A822BC93B36007B5B1F /* KakaoLoginMananger.swift in Sources */,
				488D416B2C0780540031F5E1 /* ISBNInputViewModel.swift in Sources */,
				4876A83E2BF60B6F00E1B204 /* SelectEmotionView.swift in Sources */,
				4898711D2BF7786400F1903E /* ShadowReuse.swift in Sources */,
				4800C5CA2BDC7F78001431BE /* ProfileViewModel.swift in Sources */,
				481F69C12C049EDF0095867F /* CheckingUserBookData.swift in Sources */,
				48607EFA2BE4D46500284E38 /* RoundedCorner.swift in Sources */,
				486348032BF2C7E7006628F3 /* HomeUserInfoAPITarget.swift in Sources */,
				487AF4B32BEF415500EADE67 /* TokenProviding.swift in Sources */,
				487170DA2BC8380700ED8D2F /* LoginView.swift in Sources */,
				487AF4B72BEF433100EADE67 /* AuthAPITarget.swift in Sources */,
				48DE6E032BEF5DA30096A069 /* ISBNManualView.swift in Sources */,
				487170F82BC845D600ED8D2F /* Icon.swift in Sources */,
				489795902BF296F8008ED803 /* PotatoCircle.swift in Sources */,
				48DE6E072BEF5DB10096A069 /* ReportView.swift in Sources */,
				48AAA7172BDE6E720079F939 /* ShowImagePicker.swift in Sources */,
				487F18FC2C0EC57F00DA93E5 /* OCRViewModel.swift in Sources */,
				4825672C2BEFC2E000B4C6E8 /* ProfileAPITarget.swift in Sources */,
				48DE6DF12BEF47C30096A069 /* TokenResponse.swift in Sources */,
				486348002BF2C6C2006628F3 /* HomeViewModel.swift in Sources */,
				4874F3BB2C0D785F0034698E /* BookListDetailView.swift in Sources */,
				482F3F0E2C0C833E003E7B00 /* BookStatusBtn.swift in Sources */,
				487170D82BC8380700ED8D2F /* BookSpudApp.swift in Sources */,
				48B422F92BFF2AF1009839AD /* EmptyBookView.swift in Sources */,
				483968472BFCE80D002A3035 /* NoRegistEmotion.swift in Sources */,
				4876A83C2BF60B5200E1B204 /* EmotionVersesView.swift in Sources */,
				48C053742C0E2EB40032969B /* OnBoardScreen.swift in Sources */,
				48DE6E052BEF5DAB0096A069 /* SpudView.swift in Sources */,
				4859170B2BFED2A800DC3650 /* BookRecommendDetailView.swift in Sources */,
				480F6D392BC99969008D958E /* ProfileSettingView.swift in Sources */,
				482055832BDFE1F2004E0D78 /* UserInfo.swift in Sources */,
				48DE6DFF2BEF5D8B0096A069 /* HomeView.swift in Sources */,
				48C0536D2C0DF7060032969B /* BookMarkTitleView.swift in Sources */,
				48DE6E0D2BEF6EC90096A069 /* CustomTabView.swift in Sources */,
				482F3F172C0CA334003E7B00 /* BookListBookData.swift in Sources */,
				4819A1B32BE4C65800DDED13 /* KeyboardHideExtension.swift in Sources */,
				48C053722C0E06680032969B /* MemoTextField.swift in Sources */,
				48E2446C2C042E1900B7F695 /* EmotionUserViewModel.swift in Sources */,
				482F3F102C0C876D003E7B00 /* ReadingStatus.swift in Sources */,
				482F3F1C2C0CAA25003E7B00 /* BookReadProgressView.swift in Sources */,
				48875DF72BFC7F1F00847986 /* BookRecommendViewModel.swift in Sources */,
				480F6D3D2BC99D9D008D958E /* CustomTextField.swift in Sources */,
				48A10BFF2BF7ACF900E4909E /* BookVersesView.swift in Sources */,
			);
			runOnlyForDeploymentPostprocessing = 0;
		};
/* End PBXSourcesBuildPhase section */

/* Begin XCBuildConfiguration section */
		487170E02BC8380800ED8D2F /* Debug */ = {
			isa = XCBuildConfiguration;
			buildSettings = {
				ALWAYS_SEARCH_USER_PATHS = NO;
				ASSETCATALOG_COMPILER_GENERATE_SWIFT_ASSET_SYMBOL_EXTENSIONS = YES;
				CLANG_ANALYZER_NONNULL = YES;
				CLANG_ANALYZER_NUMBER_OBJECT_CONVERSION = YES_AGGRESSIVE;
				CLANG_CXX_LANGUAGE_STANDARD = "gnu++20";
				CLANG_ENABLE_MODULES = YES;
				CLANG_ENABLE_OBJC_ARC = YES;
				CLANG_ENABLE_OBJC_WEAK = YES;
				CLANG_WARN_BLOCK_CAPTURE_AUTORELEASING = YES;
				CLANG_WARN_BOOL_CONVERSION = YES;
				CLANG_WARN_COMMA = YES;
				CLANG_WARN_CONSTANT_CONVERSION = YES;
				CLANG_WARN_DEPRECATED_OBJC_IMPLEMENTATIONS = YES;
				CLANG_WARN_DIRECT_OBJC_ISA_USAGE = YES_ERROR;
				CLANG_WARN_DOCUMENTATION_COMMENTS = YES;
				CLANG_WARN_EMPTY_BODY = YES;
				CLANG_WARN_ENUM_CONVERSION = YES;
				CLANG_WARN_INFINITE_RECURSION = YES;
				CLANG_WARN_INT_CONVERSION = YES;
				CLANG_WARN_NON_LITERAL_NULL_CONVERSION = YES;
				CLANG_WARN_OBJC_IMPLICIT_RETAIN_SELF = YES;
				CLANG_WARN_OBJC_LITERAL_CONVERSION = YES;
				CLANG_WARN_OBJC_ROOT_CLASS = YES_ERROR;
				CLANG_WARN_QUOTED_INCLUDE_IN_FRAMEWORK_HEADER = YES;
				CLANG_WARN_RANGE_LOOP_ANALYSIS = YES;
				CLANG_WARN_STRICT_PROTOTYPES = YES;
				CLANG_WARN_SUSPICIOUS_MOVE = YES;
				CLANG_WARN_UNGUARDED_AVAILABILITY = YES_AGGRESSIVE;
				CLANG_WARN_UNREACHABLE_CODE = YES;
				CLANG_WARN__DUPLICATE_METHOD_MATCH = YES;
				COPY_PHASE_STRIP = NO;
				DEBUG_INFORMATION_FORMAT = dwarf;
				ENABLE_STRICT_OBJC_MSGSEND = YES;
				ENABLE_TESTABILITY = YES;
				ENABLE_USER_SCRIPT_SANDBOXING = YES;
				GCC_C_LANGUAGE_STANDARD = gnu17;
				GCC_DYNAMIC_NO_PIC = NO;
				GCC_NO_COMMON_BLOCKS = YES;
				GCC_OPTIMIZATION_LEVEL = 0;
				GCC_PREPROCESSOR_DEFINITIONS = (
					"DEBUG=1",
					"$(inherited)",
				);
				GCC_WARN_64_TO_32_BIT_CONVERSION = YES;
				GCC_WARN_ABOUT_RETURN_TYPE = YES_ERROR;
				GCC_WARN_UNDECLARED_SELECTOR = YES;
				GCC_WARN_UNINITIALIZED_AUTOS = YES_AGGRESSIVE;
				GCC_WARN_UNUSED_FUNCTION = YES;
				GCC_WARN_UNUSED_VARIABLE = YES;
				IPHONEOS_DEPLOYMENT_TARGET = 17.2;
				LOCALIZATION_PREFERS_STRING_CATALOGS = YES;
				MTL_ENABLE_DEBUG_INFO = INCLUDE_SOURCE;
				MTL_FAST_MATH = YES;
				ONLY_ACTIVE_ARCH = YES;
				SDKROOT = iphoneos;
				SWIFT_ACTIVE_COMPILATION_CONDITIONS = "DEBUG $(inherited)";
				SWIFT_OPTIMIZATION_LEVEL = "-Onone";
			};
			name = Debug;
		};
		487170E12BC8380800ED8D2F /* Release */ = {
			isa = XCBuildConfiguration;
			buildSettings = {
				ALWAYS_SEARCH_USER_PATHS = NO;
				ASSETCATALOG_COMPILER_GENERATE_SWIFT_ASSET_SYMBOL_EXTENSIONS = YES;
				CLANG_ANALYZER_NONNULL = YES;
				CLANG_ANALYZER_NUMBER_OBJECT_CONVERSION = YES_AGGRESSIVE;
				CLANG_CXX_LANGUAGE_STANDARD = "gnu++20";
				CLANG_ENABLE_MODULES = YES;
				CLANG_ENABLE_OBJC_ARC = YES;
				CLANG_ENABLE_OBJC_WEAK = YES;
				CLANG_WARN_BLOCK_CAPTURE_AUTORELEASING = YES;
				CLANG_WARN_BOOL_CONVERSION = YES;
				CLANG_WARN_COMMA = YES;
				CLANG_WARN_CONSTANT_CONVERSION = YES;
				CLANG_WARN_DEPRECATED_OBJC_IMPLEMENTATIONS = YES;
				CLANG_WARN_DIRECT_OBJC_ISA_USAGE = YES_ERROR;
				CLANG_WARN_DOCUMENTATION_COMMENTS = YES;
				CLANG_WARN_EMPTY_BODY = YES;
				CLANG_WARN_ENUM_CONVERSION = YES;
				CLANG_WARN_INFINITE_RECURSION = YES;
				CLANG_WARN_INT_CONVERSION = YES;
				CLANG_WARN_NON_LITERAL_NULL_CONVERSION = YES;
				CLANG_WARN_OBJC_IMPLICIT_RETAIN_SELF = YES;
				CLANG_WARN_OBJC_LITERAL_CONVERSION = YES;
				CLANG_WARN_OBJC_ROOT_CLASS = YES_ERROR;
				CLANG_WARN_QUOTED_INCLUDE_IN_FRAMEWORK_HEADER = YES;
				CLANG_WARN_RANGE_LOOP_ANALYSIS = YES;
				CLANG_WARN_STRICT_PROTOTYPES = YES;
				CLANG_WARN_SUSPICIOUS_MOVE = YES;
				CLANG_WARN_UNGUARDED_AVAILABILITY = YES_AGGRESSIVE;
				CLANG_WARN_UNREACHABLE_CODE = YES;
				CLANG_WARN__DUPLICATE_METHOD_MATCH = YES;
				COPY_PHASE_STRIP = NO;
				DEBUG_INFORMATION_FORMAT = "dwarf-with-dsym";
				ENABLE_NS_ASSERTIONS = NO;
				ENABLE_STRICT_OBJC_MSGSEND = YES;
				ENABLE_USER_SCRIPT_SANDBOXING = YES;
				GCC_C_LANGUAGE_STANDARD = gnu17;
				GCC_NO_COMMON_BLOCKS = YES;
				GCC_WARN_64_TO_32_BIT_CONVERSION = YES;
				GCC_WARN_ABOUT_RETURN_TYPE = YES_ERROR;
				GCC_WARN_UNDECLARED_SELECTOR = YES;
				GCC_WARN_UNINITIALIZED_AUTOS = YES_AGGRESSIVE;
				GCC_WARN_UNUSED_FUNCTION = YES;
				GCC_WARN_UNUSED_VARIABLE = YES;
				IPHONEOS_DEPLOYMENT_TARGET = 17.2;
				LOCALIZATION_PREFERS_STRING_CATALOGS = YES;
				MTL_ENABLE_DEBUG_INFO = NO;
				MTL_FAST_MATH = YES;
				SDKROOT = iphoneos;
				SWIFT_COMPILATION_MODE = wholemodule;
				VALIDATE_PRODUCT = YES;
			};
			name = Release;
		};
		487170E32BC8380800ED8D2F /* Debug */ = {
			isa = XCBuildConfiguration;
			buildSettings = {
				ASSETCATALOG_COMPILER_APPICON_NAME = AppIcon;
				ASSETCATALOG_COMPILER_GLOBAL_ACCENT_COLOR_NAME = AccentColor;
				CODE_SIGN_STYLE = Automatic;
				CURRENT_PROJECT_VERSION = 1;
				DEVELOPMENT_ASSET_PATHS = "\"BookSpud/Preview Content\"";
				DEVELOPMENT_TEAM = 8B8B4462NV;
				ENABLE_PREVIEWS = YES;
				GENERATE_INFOPLIST_FILE = YES;
				INFOPLIST_FILE = BookSpud/Info.plist;
				INFOPLIST_KEY_UIApplicationSupportsIndirectInputEvents = YES;
				INFOPLIST_KEY_UILaunchScreen_Generation = YES;
				INFOPLIST_KEY_UISupportedInterfaceOrientations_iPad = "UIInterfaceOrientationPortrait UIInterfaceOrientationPortraitUpsideDown UIInterfaceOrientationLandscapeLeft UIInterfaceOrientationLandscapeRight";
				INFOPLIST_KEY_UISupportedInterfaceOrientations_iPhone = "UIInterfaceOrientationPortrait UIInterfaceOrientationLandscapeLeft UIInterfaceOrientationLandscapeRight";
				LD_RUNPATH_SEARCH_PATHS = (
					"$(inherited)",
					"@executable_path/Frameworks",
				);
				MARKETING_VERSION = 1.0;
				PRODUCT_BUNDLE_IDENTIFIER = com.app.BookSpud;
				PRODUCT_NAME = "$(TARGET_NAME)";
				SWIFT_EMIT_LOC_STRINGS = YES;
				SWIFT_VERSION = 5.0;
				TARGETED_DEVICE_FAMILY = "1,2";
			};
			name = Debug;
		};
		487170E42BC8380800ED8D2F /* Release */ = {
			isa = XCBuildConfiguration;
			buildSettings = {
				ASSETCATALOG_COMPILER_APPICON_NAME = AppIcon;
				ASSETCATALOG_COMPILER_GLOBAL_ACCENT_COLOR_NAME = AccentColor;
				CODE_SIGN_STYLE = Automatic;
				CURRENT_PROJECT_VERSION = 1;
				DEVELOPMENT_ASSET_PATHS = "\"BookSpud/Preview Content\"";
				DEVELOPMENT_TEAM = 8B8B4462NV;
				ENABLE_PREVIEWS = YES;
				GENERATE_INFOPLIST_FILE = YES;
				INFOPLIST_FILE = BookSpud/Info.plist;
				INFOPLIST_KEY_UIApplicationSupportsIndirectInputEvents = YES;
				INFOPLIST_KEY_UILaunchScreen_Generation = YES;
				INFOPLIST_KEY_UISupportedInterfaceOrientations_iPad = "UIInterfaceOrientationPortrait UIInterfaceOrientationPortraitUpsideDown UIInterfaceOrientationLandscapeLeft UIInterfaceOrientationLandscapeRight";
				INFOPLIST_KEY_UISupportedInterfaceOrientations_iPhone = "UIInterfaceOrientationPortrait UIInterfaceOrientationLandscapeLeft UIInterfaceOrientationLandscapeRight";
				LD_RUNPATH_SEARCH_PATHS = (
					"$(inherited)",
					"@executable_path/Frameworks",
				);
				MARKETING_VERSION = 1.0;
				PRODUCT_BUNDLE_IDENTIFIER = com.app.BookSpud;
				PRODUCT_NAME = "$(TARGET_NAME)";
				SWIFT_EMIT_LOC_STRINGS = YES;
				SWIFT_VERSION = 5.0;
				TARGETED_DEVICE_FAMILY = "1,2";
			};
			name = Release;
		};
/* End XCBuildConfiguration section */

/* Begin XCConfigurationList section */
		487170CF2BC8380700ED8D2F /* Build configuration list for PBXProject "BookSpud" */ = {
			isa = XCConfigurationList;
			buildConfigurations = (
				487170E02BC8380800ED8D2F /* Debug */,
				487170E12BC8380800ED8D2F /* Release */,
			);
			defaultConfigurationIsVisible = 0;
			defaultConfigurationName = Release;
		};
		487170E22BC8380800ED8D2F /* Build configuration list for PBXNativeTarget "BookSpud" */ = {
			isa = XCConfigurationList;
			buildConfigurations = (
				487170E32BC8380800ED8D2F /* Debug */,
				487170E42BC8380800ED8D2F /* Release */,
			);
			defaultConfigurationIsVisible = 0;
			defaultConfigurationName = Release;
		};
/* End XCConfigurationList section */

/* Begin XCRemoteSwiftPackageReference section */
		480F6D2B2BC996DE008D958E /* XCRemoteSwiftPackageReference "Moya" */ = {
			isa = XCRemoteSwiftPackageReference;
			repositoryURL = "https://github.com/Moya/Moya.git";
			requirement = {
				kind = upToNextMajorVersion;
				minimumVersion = 15.0.3;
			};
		};
		48C19A752BC939A4007B5B1F /* XCRemoteSwiftPackageReference "kakao-ios-sdk" */ = {
			isa = XCRemoteSwiftPackageReference;
			repositoryURL = "https://github.com/kakao/kakao-ios-sdk";
			requirement = {
				kind = upToNextMajorVersion;
				minimumVersion = 2.22.0;
			};
		};
/* End XCRemoteSwiftPackageReference section */

/* Begin XCSwiftPackageProductDependency section */
		480F6D2C2BC996DE008D958E /* CombineMoya */ = {
			isa = XCSwiftPackageProductDependency;
			package = 480F6D2B2BC996DE008D958E /* XCRemoteSwiftPackageReference "Moya" */;
			productName = CombineMoya;
		};
		480F6D2E2BC996DE008D958E /* Moya */ = {
			isa = XCSwiftPackageProductDependency;
			package = 480F6D2B2BC996DE008D958E /* XCRemoteSwiftPackageReference "Moya" */;
			productName = Moya;
		};
		480F6D302BC996DE008D958E /* ReactiveMoya */ = {
			isa = XCSwiftPackageProductDependency;
			package = 480F6D2B2BC996DE008D958E /* XCRemoteSwiftPackageReference "Moya" */;
			productName = ReactiveMoya;
		};
		480F6D322BC996DE008D958E /* RxMoya */ = {
			isa = XCSwiftPackageProductDependency;
			package = 480F6D2B2BC996DE008D958E /* XCRemoteSwiftPackageReference "Moya" */;
			productName = RxMoya;
		};
		4846B6982C049AEA001ED502 /* CombineMoya */ = {
			isa = XCSwiftPackageProductDependency;
			package = 480F6D2B2BC996DE008D958E /* XCRemoteSwiftPackageReference "Moya" */;
			productName = CombineMoya;
		};
		4846B69A2C049AEA001ED502 /* Moya */ = {
			isa = XCSwiftPackageProductDependency;
			package = 480F6D2B2BC996DE008D958E /* XCRemoteSwiftPackageReference "Moya" */;
			productName = Moya;
		};
		4846B69C2C049AEA001ED502 /* ReactiveMoya */ = {
			isa = XCSwiftPackageProductDependency;
			package = 480F6D2B2BC996DE008D958E /* XCRemoteSwiftPackageReference "Moya" */;
			productName = ReactiveMoya;
		};
		4846B69E2C049AEA001ED502 /* RxMoya */ = {
			isa = XCSwiftPackageProductDependency;
			package = 480F6D2B2BC996DE008D958E /* XCRemoteSwiftPackageReference "Moya" */;
			productName = RxMoya;
		};
		48C19A762BC939A4007B5B1F /* KakaoSDK */ = {
			isa = XCSwiftPackageProductDependency;
			package = 48C19A752BC939A4007B5B1F /* XCRemoteSwiftPackageReference "kakao-ios-sdk" */;
			productName = KakaoSDK;
		};
		48C19A782BC939A4007B5B1F /* KakaoSDKAuth */ = {
			isa = XCSwiftPackageProductDependency;
			package = 48C19A752BC939A4007B5B1F /* XCRemoteSwiftPackageReference "kakao-ios-sdk" */;
			productName = KakaoSDKAuth;
		};
		48C19A7A2BC939A4007B5B1F /* KakaoSDKCert */ = {
			isa = XCSwiftPackageProductDependency;
			package = 48C19A752BC939A4007B5B1F /* XCRemoteSwiftPackageReference "kakao-ios-sdk" */;
			productName = KakaoSDKCert;
		};
		48C19A7C2BC939A4007B5B1F /* KakaoSDKCertCore */ = {
			isa = XCSwiftPackageProductDependency;
			package = 48C19A752BC939A4007B5B1F /* XCRemoteSwiftPackageReference "kakao-ios-sdk" */;
			productName = KakaoSDKCertCore;
		};
		48C19A7E2BC939A4007B5B1F /* KakaoSDKCommon */ = {
			isa = XCSwiftPackageProductDependency;
			package = 48C19A752BC939A4007B5B1F /* XCRemoteSwiftPackageReference "kakao-ios-sdk" */;
			productName = KakaoSDKCommon;
		};
/* End XCSwiftPackageProductDependency section */
	};
	rootObject = 487170CC2BC8380700ED8D2F /* Project object */;
}
