// !$*UTF8*$!
{
	archiveVersion = 1;
	classes = {
	};
	objectVersion = 56;
	objects = {

/* Begin PBXBuildFile section */
		4800C5CA2BDC7F78001431BE /* ProfileViewModel.swift in Sources */ = {isa = PBXBuildFile; fileRef = 4800C5C92BDC7F78001431BE /* ProfileViewModel.swift */; };
		4800C5CD2BDC8532001431BE /* GlobalMainBtn.swift in Sources */ = {isa = PBXBuildFile; fileRef = 4800C5CC2BDC8532001431BE /* GlobalMainBtn.swift */; };
		480F6D2D2BC996DE008D958E /* CombineMoya in Frameworks */ = {isa = PBXBuildFile; productRef = 480F6D2C2BC996DE008D958E /* CombineMoya */; };
		480F6D2F2BC996DE008D958E /* Moya in Frameworks */ = {isa = PBXBuildFile; productRef = 480F6D2E2BC996DE008D958E /* Moya */; };
		480F6D312BC996DE008D958E /* ReactiveMoya in Frameworks */ = {isa = PBXBuildFile; productRef = 480F6D302BC996DE008D958E /* ReactiveMoya */; };
		480F6D332BC996DE008D958E /* RxMoya in Frameworks */ = {isa = PBXBuildFile; productRef = 480F6D322BC996DE008D958E /* RxMoya */; };
		480F6D372BC99943008D958E /* ProfilModel.swift in Sources */ = {isa = PBXBuildFile; fileRef = 480F6D362BC99943008D958E /* ProfilModel.swift */; };
		480F6D392BC99969008D958E /* ProfilSettingView.swift in Sources */ = {isa = PBXBuildFile; fileRef = 480F6D382BC99969008D958E /* ProfilSettingView.swift */; };
		480F6D3D2BC99D9D008D958E /* CustomTextField.swift in Sources */ = {isa = PBXBuildFile; fileRef = 480F6D3C2BC99D9D008D958E /* CustomTextField.swift */; };
		487170D82BC8380700ED8D2F /* BookSpudApp.swift in Sources */ = {isa = PBXBuildFile; fileRef = 487170D72BC8380700ED8D2F /* BookSpudApp.swift */; };
		487170DA2BC8380700ED8D2F /* LoginView.swift in Sources */ = {isa = PBXBuildFile; fileRef = 487170D92BC8380700ED8D2F /* LoginView.swift */; };
		487170DC2BC8380800ED8D2F /* Assets.xcassets in Resources */ = {isa = PBXBuildFile; fileRef = 487170DB2BC8380800ED8D2F /* Assets.xcassets */; };
		487170DF2BC8380800ED8D2F /* Preview Assets.xcassets in Resources */ = {isa = PBXBuildFile; fileRef = 487170DE2BC8380800ED8D2F /* Preview Assets.xcassets */; };
		487170E62BC839F200ED8D2F /* Color.xcassets in Resources */ = {isa = PBXBuildFile; fileRef = 487170E52BC839F200ED8D2F /* Color.xcassets */; };
		487170EE2BC840D100ED8D2F /* SpoqaHanSansNeo-Regular.otf in Resources */ = {isa = PBXBuildFile; fileRef = 487170E92BC840D100ED8D2F /* SpoqaHanSansNeo-Regular.otf */; };
		487170EF2BC840D100ED8D2F /* SpoqaHanSansNeo-Thin.otf in Resources */ = {isa = PBXBuildFile; fileRef = 487170EA2BC840D100ED8D2F /* SpoqaHanSansNeo-Thin.otf */; };
		487170F02BC840D100ED8D2F /* SpoqaHanSansNeo-Light.otf in Resources */ = {isa = PBXBuildFile; fileRef = 487170EB2BC840D100ED8D2F /* SpoqaHanSansNeo-Light.otf */; };
		487170F12BC840D100ED8D2F /* SpoqaHanSansNeo-Medium.otf in Resources */ = {isa = PBXBuildFile; fileRef = 487170EC2BC840D100ED8D2F /* SpoqaHanSansNeo-Medium.otf */; };
		487170F22BC840D100ED8D2F /* SpoqaHanSansNeo-Bold.otf in Resources */ = {isa = PBXBuildFile; fileRef = 487170ED2BC840D100ED8D2F /* SpoqaHanSansNeo-Bold.otf */; };
		487170F52BC841F400ED8D2F /* FontExtension.swift in Sources */ = {isa = PBXBuildFile; fileRef = 487170F42BC841F400ED8D2F /* FontExtension.swift */; };
		487170F82BC845D600ED8D2F /* Icon.swift in Sources */ = {isa = PBXBuildFile; fileRef = 487170F72BC845D600ED8D2F /* Icon.swift */; };
		48C19A742BC93497007B5B1F /* LoginManager.swift in Sources */ = {isa = PBXBuildFile; fileRef = 48C19A732BC93497007B5B1F /* LoginManager.swift */; };
		48C19A772BC939A4007B5B1F /* KakaoSDK in Frameworks */ = {isa = PBXBuildFile; productRef = 48C19A762BC939A4007B5B1F /* KakaoSDK */; };
		48C19A792BC939A4007B5B1F /* KakaoSDKAuth in Frameworks */ = {isa = PBXBuildFile; productRef = 48C19A782BC939A4007B5B1F /* KakaoSDKAuth */; };
		48C19A7B2BC939A4007B5B1F /* KakaoSDKCert in Frameworks */ = {isa = PBXBuildFile; productRef = 48C19A7A2BC939A4007B5B1F /* KakaoSDKCert */; };
		48C19A7D2BC939A4007B5B1F /* KakaoSDKCertCore in Frameworks */ = {isa = PBXBuildFile; productRef = 48C19A7C2BC939A4007B5B1F /* KakaoSDKCertCore */; };
		48C19A7F2BC939A4007B5B1F /* KakaoSDKCommon in Frameworks */ = {isa = PBXBuildFile; productRef = 48C19A7E2BC939A4007B5B1F /* KakaoSDKCommon */; };
		48C19A822BC93B36007B5B1F /* KakaoLoginMananger.swift in Sources */ = {isa = PBXBuildFile; fileRef = 48C19A812BC93B36007B5B1F /* KakaoLoginMananger.swift */; };
/* End PBXBuildFile section */

/* Begin PBXFileReference section */
		4800C5C92BDC7F78001431BE /* ProfileViewModel.swift */ = {isa = PBXFileReference; lastKnownFileType = sourcecode.swift; path = ProfileViewModel.swift; sourceTree = "<group>"; };
		4800C5CC2BDC8532001431BE /* GlobalMainBtn.swift */ = {isa = PBXFileReference; lastKnownFileType = sourcecode.swift; path = GlobalMainBtn.swift; sourceTree = "<group>"; };
		480F6D362BC99943008D958E /* ProfilModel.swift */ = {isa = PBXFileReference; lastKnownFileType = sourcecode.swift; path = ProfilModel.swift; sourceTree = "<group>"; };
		480F6D382BC99969008D958E /* ProfilSettingView.swift */ = {isa = PBXFileReference; lastKnownFileType = sourcecode.swift; path = ProfilSettingView.swift; sourceTree = "<group>"; };
		480F6D3C2BC99D9D008D958E /* CustomTextField.swift */ = {isa = PBXFileReference; lastKnownFileType = sourcecode.swift; path = CustomTextField.swift; sourceTree = "<group>"; };
		487170D42BC8380700ED8D2F /* BookSpud.app */ = {isa = PBXFileReference; explicitFileType = wrapper.application; includeInIndex = 0; path = BookSpud.app; sourceTree = BUILT_PRODUCTS_DIR; };
		487170D72BC8380700ED8D2F /* BookSpudApp.swift */ = {isa = PBXFileReference; lastKnownFileType = sourcecode.swift; path = BookSpudApp.swift; sourceTree = "<group>"; };
		487170D92BC8380700ED8D2F /* LoginView.swift */ = {isa = PBXFileReference; lastKnownFileType = sourcecode.swift; path = LoginView.swift; sourceTree = "<group>"; };
		487170DB2BC8380800ED8D2F /* Assets.xcassets */ = {isa = PBXFileReference; lastKnownFileType = folder.assetcatalog; path = Assets.xcassets; sourceTree = "<group>"; };
		487170DE2BC8380800ED8D2F /* Preview Assets.xcassets */ = {isa = PBXFileReference; lastKnownFileType = folder.assetcatalog; path = "Preview Assets.xcassets"; sourceTree = "<group>"; };
		487170E52BC839F200ED8D2F /* Color.xcassets */ = {isa = PBXFileReference; lastKnownFileType = folder.assetcatalog; path = Color.xcassets; sourceTree = "<group>"; };
		487170E92BC840D100ED8D2F /* SpoqaHanSansNeo-Regular.otf */ = {isa = PBXFileReference; lastKnownFileType = file; path = "SpoqaHanSansNeo-Regular.otf"; sourceTree = "<group>"; };
		487170EA2BC840D100ED8D2F /* SpoqaHanSansNeo-Thin.otf */ = {isa = PBXFileReference; lastKnownFileType = file; path = "SpoqaHanSansNeo-Thin.otf"; sourceTree = "<group>"; };
		487170EB2BC840D100ED8D2F /* SpoqaHanSansNeo-Light.otf */ = {isa = PBXFileReference; lastKnownFileType = file; path = "SpoqaHanSansNeo-Light.otf"; sourceTree = "<group>"; };
		487170EC2BC840D100ED8D2F /* SpoqaHanSansNeo-Medium.otf */ = {isa = PBXFileReference; lastKnownFileType = file; path = "SpoqaHanSansNeo-Medium.otf"; sourceTree = "<group>"; };
		487170ED2BC840D100ED8D2F /* SpoqaHanSansNeo-Bold.otf */ = {isa = PBXFileReference; lastKnownFileType = file; path = "SpoqaHanSansNeo-Bold.otf"; sourceTree = "<group>"; };
		487170F32BC8418100ED8D2F /* Info.plist */ = {isa = PBXFileReference; lastKnownFileType = text.plist; path = Info.plist; sourceTree = "<group>"; };
		487170F42BC841F400ED8D2F /* FontExtension.swift */ = {isa = PBXFileReference; lastKnownFileType = sourcecode.swift; path = FontExtension.swift; sourceTree = "<group>"; };
		487170F72BC845D600ED8D2F /* Icon.swift */ = {isa = PBXFileReference; lastKnownFileType = sourcecode.swift; path = Icon.swift; sourceTree = "<group>"; };
		48C19A732BC93497007B5B1F /* LoginManager.swift */ = {isa = PBXFileReference; lastKnownFileType = sourcecode.swift; path = LoginManager.swift; sourceTree = "<group>"; };
		48C19A812BC93B36007B5B1F /* KakaoLoginMananger.swift */ = {isa = PBXFileReference; lastKnownFileType = sourcecode.swift; path = KakaoLoginMananger.swift; sourceTree = "<group>"; };
/* End PBXFileReference section */

/* Begin PBXFrameworksBuildPhase section */
		487170D12BC8380700ED8D2F /* Frameworks */ = {
			isa = PBXFrameworksBuildPhase;
			buildActionMask = 2147483647;
			files = (
				48C19A7D2BC939A4007B5B1F /* KakaoSDKCertCore in Frameworks */,
				48C19A7B2BC939A4007B5B1F /* KakaoSDKCert in Frameworks */,
				480F6D2D2BC996DE008D958E /* CombineMoya in Frameworks */,
				48C19A772BC939A4007B5B1F /* KakaoSDK in Frameworks */,
				48C19A7F2BC939A4007B5B1F /* KakaoSDKCommon in Frameworks */,
				480F6D312BC996DE008D958E /* ReactiveMoya in Frameworks */,
				480F6D332BC996DE008D958E /* RxMoya in Frameworks */,
				480F6D2F2BC996DE008D958E /* Moya in Frameworks */,
				48C19A792BC939A4007B5B1F /* KakaoSDKAuth in Frameworks */,
			);
			runOnlyForDeploymentPostprocessing = 0;
		};
/* End PBXFrameworksBuildPhase section */

/* Begin PBXGroup section */
		480F6D342BC9991B008D958E /* ProfilSetting */ = {
			isa = PBXGroup;
			children = (
				480F6D362BC99943008D958E /* ProfilModel.swift */,
				480F6D382BC99969008D958E /* ProfilSettingView.swift */,
				4800C5C92BDC7F78001431BE /* ProfileViewModel.swift */,
			);
			path = ProfilSetting;
			sourceTree = "<group>";
		};
		480F6D3A2BC99D83008D958E /* GlboalComponent */ = {
			isa = PBXGroup;
			children = (
				480F6D3C2BC99D9D008D958E /* CustomTextField.swift */,
				4800C5CC2BDC8532001431BE /* GlobalMainBtn.swift */,
			);
			path = GlboalComponent;
			sourceTree = "<group>";
		};
		487170CB2BC8380700ED8D2F = {
			isa = PBXGroup;
			children = (
				487170D62BC8380700ED8D2F /* BookSpud */,
				487170D52BC8380700ED8D2F /* Products */,
			);
			sourceTree = "<group>";
		};
		487170D52BC8380700ED8D2F /* Products */ = {
			isa = PBXGroup;
			children = (
				487170D42BC8380700ED8D2F /* BookSpud.app */,
			);
			name = Products;
			sourceTree = "<group>";
		};
		487170D62BC8380700ED8D2F /* BookSpud */ = {
			isa = PBXGroup;
			children = (
				480F6D3A2BC99D83008D958E /* GlboalComponent */,
				480F6D342BC9991B008D958E /* ProfilSetting */,
				487170F92BC8463300ED8D2F /* Login */,
				487170F62BC845BB00ED8D2F /* Setting */,
				487170E82BC840C500ED8D2F /* Fonts */,
				487170DD2BC8380800ED8D2F /* Preview Content */,
				487170F32BC8418100ED8D2F /* Info.plist */,
			);
			path = BookSpud;
			sourceTree = "<group>";
		};
		487170DD2BC8380800ED8D2F /* Preview Content */ = {
			isa = PBXGroup;
			children = (
				487170DE2BC8380800ED8D2F /* Preview Assets.xcassets */,
			);
			path = "Preview Content";
			sourceTree = "<group>";
		};
		487170E82BC840C500ED8D2F /* Fonts */ = {
			isa = PBXGroup;
			children = (
				487170ED2BC840D100ED8D2F /* SpoqaHanSansNeo-Bold.otf */,
				487170EB2BC840D100ED8D2F /* SpoqaHanSansNeo-Light.otf */,
				487170EC2BC840D100ED8D2F /* SpoqaHanSansNeo-Medium.otf */,
				487170E92BC840D100ED8D2F /* SpoqaHanSansNeo-Regular.otf */,
				487170EA2BC840D100ED8D2F /* SpoqaHanSansNeo-Thin.otf */,
				487170F42BC841F400ED8D2F /* FontExtension.swift */,
			);
			path = Fonts;
			sourceTree = "<group>";
		};
		487170F62BC845BB00ED8D2F /* Setting */ = {
			isa = PBXGroup;
			children = (
				487170D72BC8380700ED8D2F /* BookSpudApp.swift */,
				487170F72BC845D600ED8D2F /* Icon.swift */,
				487170DB2BC8380800ED8D2F /* Assets.xcassets */,
				487170E52BC839F200ED8D2F /* Color.xcassets */,
			);
			path = Setting;
			sourceTree = "<group>";
		};
		487170F92BC8463300ED8D2F /* Login */ = {
			isa = PBXGroup;
			children = (
				48C19A802BC93B24007B5B1F /* Kakao */,
				487170D92BC8380700ED8D2F /* LoginView.swift */,
				48C19A732BC93497007B5B1F /* LoginManager.swift */,
			);
			path = Login;
			sourceTree = "<group>";
		};
		48C19A802BC93B24007B5B1F /* Kakao */ = {
			isa = PBXGroup;
			children = (
				48C19A812BC93B36007B5B1F /* KakaoLoginMananger.swift */,
			);
			path = Kakao;
			sourceTree = "<group>";
		};
/* End PBXGroup section */

/* Begin PBXNativeTarget section */
		487170D32BC8380700ED8D2F /* BookSpud */ = {
			isa = PBXNativeTarget;
			buildConfigurationList = 487170E22BC8380800ED8D2F /* Build configuration list for PBXNativeTarget "BookSpud" */;
			buildPhases = (
				487170D02BC8380700ED8D2F /* Sources */,
				487170D12BC8380700ED8D2F /* Frameworks */,
				487170D22BC8380700ED8D2F /* Resources */,
			);
			buildRules = (
			);
			dependencies = (
			);
			name = BookSpud;
			packageProductDependencies = (
				48C19A762BC939A4007B5B1F /* KakaoSDK */,
				48C19A782BC939A4007B5B1F /* KakaoSDKAuth */,
				48C19A7A2BC939A4007B5B1F /* KakaoSDKCert */,
				48C19A7C2BC939A4007B5B1F /* KakaoSDKCertCore */,
				48C19A7E2BC939A4007B5B1F /* KakaoSDKCommon */,
				480F6D2C2BC996DE008D958E /* CombineMoya */,
				480F6D2E2BC996DE008D958E /* Moya */,
				480F6D302BC996DE008D958E /* ReactiveMoya */,
				480F6D322BC996DE008D958E /* RxMoya */,
			);
			productName = BookSpud;
			productReference = 487170D42BC8380700ED8D2F /* BookSpud.app */;
			productType = "com.apple.product-type.application";
		};
/* End PBXNativeTarget section */

/* Begin PBXProject section */
		487170CC2BC8380700ED8D2F /* Project object */ = {
			isa = PBXProject;
			attributes = {
				BuildIndependentTargetsInParallel = 1;
				LastSwiftUpdateCheck = 1520;
				LastUpgradeCheck = 1520;
				TargetAttributes = {
					487170D32BC8380700ED8D2F = {
						CreatedOnToolsVersion = 15.2;
					};
				};
			};
			buildConfigurationList = 487170CF2BC8380700ED8D2F /* Build configuration list for PBXProject "BookSpud" */;
			compatibilityVersion = "Xcode 14.0";
			developmentRegion = en;
			hasScannedForEncodings = 0;
			knownRegions = (
				en,
				Base,
			);
			mainGroup = 487170CB2BC8380700ED8D2F;
			packageReferences = (
				48C19A752BC939A4007B5B1F /* XCRemoteSwiftPackageReference "kakao-ios-sdk" */,
				480F6D2B2BC996DE008D958E /* XCRemoteSwiftPackageReference "Moya" */,
			);
			productRefGroup = 487170D52BC8380700ED8D2F /* Products */;
			projectDirPath = "";
			projectRoot = "";
			targets = (
				487170D32BC8380700ED8D2F /* BookSpud */,
			);
		};
/* End PBXProject section */

/* Begin PBXResourcesBuildPhase section */
		487170D22BC8380700ED8D2F /* Resources */ = {
			isa = PBXResourcesBuildPhase;
			buildActionMask = 2147483647;
			files = (
				487170DF2BC8380800ED8D2F /* Preview Assets.xcassets in Resources */,
				487170F02BC840D100ED8D2F /* SpoqaHanSansNeo-Light.otf in Resources */,
				487170F12BC840D100ED8D2F /* SpoqaHanSansNeo-Medium.otf in Resources */,
				487170EF2BC840D100ED8D2F /* SpoqaHanSansNeo-Thin.otf in Resources */,
				487170DC2BC8380800ED8D2F /* Assets.xcassets in Resources */,
				487170E62BC839F200ED8D2F /* Color.xcassets in Resources */,
				487170EE2BC840D100ED8D2F /* SpoqaHanSansNeo-Regular.otf in Resources */,
				487170F22BC840D100ED8D2F /* SpoqaHanSansNeo-Bold.otf in Resources */,
			);
			runOnlyForDeploymentPostprocessing = 0;
		};
/* End PBXResourcesBuildPhase section */

/* Begin PBXSourcesBuildPhase section */
		487170D02BC8380700ED8D2F /* Sources */ = {
			isa = PBXSourcesBuildPhase;
			buildActionMask = 2147483647;
			files = (
				48C19A742BC93497007B5B1F /* LoginManager.swift in Sources */,
				487170F52BC841F400ED8D2F /* FontExtension.swift in Sources */,
				4800C5CD2BDC8532001431BE /* GlobalMainBtn.swift in Sources */,
				480F6D372BC99943008D958E /* ProfilModel.swift in Sources */,
				48C19A822BC93B36007B5B1F /* KakaoLoginMananger.swift in Sources */,
				4800C5CA2BDC7F78001431BE /* ProfileViewModel.swift in Sources */,
				487170DA2BC8380700ED8D2F /* LoginView.swift in Sources */,
				487170F82BC845D600ED8D2F /* Icon.swift in Sources */,
				487170D82BC8380700ED8D2F /* BookSpudApp.swift in Sources */,
				480F6D392BC99969008D958E /* ProfilSettingView.swift in Sources */,
				480F6D3D2BC99D9D008D958E /* CustomTextField.swift in Sources */,
			);
			runOnlyForDeploymentPostprocessing = 0;
		};
/* End PBXSourcesBuildPhase section */

/* Begin XCBuildConfiguration section */
		487170E02BC8380800ED8D2F /* Debug */ = {
			isa = XCBuildConfiguration;
			buildSettings = {
				ALWAYS_SEARCH_USER_PATHS = NO;
				ASSETCATALOG_COMPILER_GENERATE_SWIFT_ASSET_SYMBOL_EXTENSIONS = YES;
				CLANG_ANALYZER_NONNULL = YES;
				CLANG_ANALYZER_NUMBER_OBJECT_CONVERSION = YES_AGGRESSIVE;
				CLANG_CXX_LANGUAGE_STANDARD = "gnu++20";
				CLANG_ENABLE_MODULES = YES;
				CLANG_ENABLE_OBJC_ARC = YES;
				CLANG_ENABLE_OBJC_WEAK = YES;
				CLANG_WARN_BLOCK_CAPTURE_AUTORELEASING = YES;
				CLANG_WARN_BOOL_CONVERSION = YES;
				CLANG_WARN_COMMA = YES;
				CLANG_WARN_CONSTANT_CONVERSION = YES;
				CLANG_WARN_DEPRECATED_OBJC_IMPLEMENTATIONS = YES;
				CLANG_WARN_DIRECT_OBJC_ISA_USAGE = YES_ERROR;
				CLANG_WARN_DOCUMENTATION_COMMENTS = YES;
				CLANG_WARN_EMPTY_BODY = YES;
				CLANG_WARN_ENUM_CONVERSION = YES;
				CLANG_WARN_INFINITE_RECURSION = YES;
				CLANG_WARN_INT_CONVERSION = YES;
				CLANG_WARN_NON_LITERAL_NULL_CONVERSION = YES;
				CLANG_WARN_OBJC_IMPLICIT_RETAIN_SELF = YES;
				CLANG_WARN_OBJC_LITERAL_CONVERSION = YES;
				CLANG_WARN_OBJC_ROOT_CLASS = YES_ERROR;
				CLANG_WARN_QUOTED_INCLUDE_IN_FRAMEWORK_HEADER = YES;
				CLANG_WARN_RANGE_LOOP_ANALYSIS = YES;
				CLANG_WARN_STRICT_PROTOTYPES = YES;
				CLANG_WARN_SUSPICIOUS_MOVE = YES;
				CLANG_WARN_UNGUARDED_AVAILABILITY = YES_AGGRESSIVE;
				CLANG_WARN_UNREACHABLE_CODE = YES;
				CLANG_WARN__DUPLICATE_METHOD_MATCH = YES;
				COPY_PHASE_STRIP = NO;
				DEBUG_INFORMATION_FORMAT = dwarf;
				ENABLE_STRICT_OBJC_MSGSEND = YES;
				ENABLE_TESTABILITY = YES;
				ENABLE_USER_SCRIPT_SANDBOXING = YES;
				GCC_C_LANGUAGE_STANDARD = gnu17;
				GCC_DYNAMIC_NO_PIC = NO;
				GCC_NO_COMMON_BLOCKS = YES;
				GCC_OPTIMIZATION_LEVEL = 0;
				GCC_PREPROCESSOR_DEFINITIONS = (
					"DEBUG=1",
					"$(inherited)",
				);
				GCC_WARN_64_TO_32_BIT_CONVERSION = YES;
				GCC_WARN_ABOUT_RETURN_TYPE = YES_ERROR;
				GCC_WARN_UNDECLARED_SELECTOR = YES;
				GCC_WARN_UNINITIALIZED_AUTOS = YES_AGGRESSIVE;
				GCC_WARN_UNUSED_FUNCTION = YES;
				GCC_WARN_UNUSED_VARIABLE = YES;
				IPHONEOS_DEPLOYMENT_TARGET = 17.2;
				LOCALIZATION_PREFERS_STRING_CATALOGS = YES;
				MTL_ENABLE_DEBUG_INFO = INCLUDE_SOURCE;
				MTL_FAST_MATH = YES;
				ONLY_ACTIVE_ARCH = YES;
				SDKROOT = iphoneos;
				SWIFT_ACTIVE_COMPILATION_CONDITIONS = "DEBUG $(inherited)";
				SWIFT_OPTIMIZATION_LEVEL = "-Onone";
			};
			name = Debug;
		};
		487170E12BC8380800ED8D2F /* Release */ = {
			isa = XCBuildConfiguration;
			buildSettings = {
				ALWAYS_SEARCH_USER_PATHS = NO;
				ASSETCATALOG_COMPILER_GENERATE_SWIFT_ASSET_SYMBOL_EXTENSIONS = YES;
				CLANG_ANALYZER_NONNULL = YES;
				CLANG_ANALYZER_NUMBER_OBJECT_CONVERSION = YES_AGGRESSIVE;
				CLANG_CXX_LANGUAGE_STANDARD = "gnu++20";
				CLANG_ENABLE_MODULES = YES;
				CLANG_ENABLE_OBJC_ARC = YES;
				CLANG_ENABLE_OBJC_WEAK = YES;
				CLANG_WARN_BLOCK_CAPTURE_AUTORELEASING = YES;
				CLANG_WARN_BOOL_CONVERSION = YES;
				CLANG_WARN_COMMA = YES;
				CLANG_WARN_CONSTANT_CONVERSION = YES;
				CLANG_WARN_DEPRECATED_OBJC_IMPLEMENTATIONS = YES;
				CLANG_WARN_DIRECT_OBJC_ISA_USAGE = YES_ERROR;
				CLANG_WARN_DOCUMENTATION_COMMENTS = YES;
				CLANG_WARN_EMPTY_BODY = YES;
				CLANG_WARN_ENUM_CONVERSION = YES;
				CLANG_WARN_INFINITE_RECURSION = YES;
				CLANG_WARN_INT_CONVERSION = YES;
				CLANG_WARN_NON_LITERAL_NULL_CONVERSION = YES;
				CLANG_WARN_OBJC_IMPLICIT_RETAIN_SELF = YES;
				CLANG_WARN_OBJC_LITERAL_CONVERSION = YES;
				CLANG_WARN_OBJC_ROOT_CLASS = YES_ERROR;
				CLANG_WARN_QUOTED_INCLUDE_IN_FRAMEWORK_HEADER = YES;
				CLANG_WARN_RANGE_LOOP_ANALYSIS = YES;
				CLANG_WARN_STRICT_PROTOTYPES = YES;
				CLANG_WARN_SUSPICIOUS_MOVE = YES;
				CLANG_WARN_UNGUARDED_AVAILABILITY = YES_AGGRESSIVE;
				CLANG_WARN_UNREACHABLE_CODE = YES;
				CLANG_WARN__DUPLICATE_METHOD_MATCH = YES;
				COPY_PHASE_STRIP = NO;
				DEBUG_INFORMATION_FORMAT = "dwarf-with-dsym";
				ENABLE_NS_ASSERTIONS = NO;
				ENABLE_STRICT_OBJC_MSGSEND = YES;
				ENABLE_USER_SCRIPT_SANDBOXING = YES;
				GCC_C_LANGUAGE_STANDARD = gnu17;
				GCC_NO_COMMON_BLOCKS = YES;
				GCC_WARN_64_TO_32_BIT_CONVERSION = YES;
				GCC_WARN_ABOUT_RETURN_TYPE = YES_ERROR;
				GCC_WARN_UNDECLARED_SELECTOR = YES;
				GCC_WARN_UNINITIALIZED_AUTOS = YES_AGGRESSIVE;
				GCC_WARN_UNUSED_FUNCTION = YES;
				GCC_WARN_UNUSED_VARIABLE = YES;
				IPHONEOS_DEPLOYMENT_TARGET = 17.2;
				LOCALIZATION_PREFERS_STRING_CATALOGS = YES;
				MTL_ENABLE_DEBUG_INFO = NO;
				MTL_FAST_MATH = YES;
				SDKROOT = iphoneos;
				SWIFT_COMPILATION_MODE = wholemodule;
				VALIDATE_PRODUCT = YES;
			};
			name = Release;
		};
		487170E32BC8380800ED8D2F /* Debug */ = {
			isa = XCBuildConfiguration;
			buildSettings = {
				ASSETCATALOG_COMPILER_APPICON_NAME = AppIcon;
				ASSETCATALOG_COMPILER_GLOBAL_ACCENT_COLOR_NAME = AccentColor;
				CODE_SIGN_STYLE = Automatic;
				CURRENT_PROJECT_VERSION = 1;
				DEVELOPMENT_ASSET_PATHS = "\"BookSpud/Preview Content\"";
				DEVELOPMENT_TEAM = 8B8B4462NV;
				ENABLE_PREVIEWS = YES;
				GENERATE_INFOPLIST_FILE = YES;
				INFOPLIST_FILE = BookSpud/Info.plist;
				INFOPLIST_KEY_UIApplicationSupportsIndirectInputEvents = YES;
				INFOPLIST_KEY_UILaunchScreen_Generation = YES;
				INFOPLIST_KEY_UISupportedInterfaceOrientations_iPad = "UIInterfaceOrientationPortrait UIInterfaceOrientationPortraitUpsideDown UIInterfaceOrientationLandscapeLeft UIInterfaceOrientationLandscapeRight";
				INFOPLIST_KEY_UISupportedInterfaceOrientations_iPhone = "UIInterfaceOrientationPortrait UIInterfaceOrientationLandscapeLeft UIInterfaceOrientationLandscapeRight";
				LD_RUNPATH_SEARCH_PATHS = (
					"$(inherited)",
					"@executable_path/Frameworks",
				);
				MARKETING_VERSION = 1.0;
				PRODUCT_BUNDLE_IDENTIFIER = com.app.BookSpud;
				PRODUCT_NAME = "$(TARGET_NAME)";
				SWIFT_EMIT_LOC_STRINGS = YES;
				SWIFT_VERSION = 5.0;
				TARGETED_DEVICE_FAMILY = "1,2";
			};
			name = Debug;
		};
		487170E42BC8380800ED8D2F /* Release */ = {
			isa = XCBuildConfiguration;
			buildSettings = {
				ASSETCATALOG_COMPILER_APPICON_NAME = AppIcon;
				ASSETCATALOG_COMPILER_GLOBAL_ACCENT_COLOR_NAME = AccentColor;
				CODE_SIGN_STYLE = Automatic;
				CURRENT_PROJECT_VERSION = 1;
				DEVELOPMENT_ASSET_PATHS = "\"BookSpud/Preview Content\"";
				DEVELOPMENT_TEAM = 8B8B4462NV;
				ENABLE_PREVIEWS = YES;
				GENERATE_INFOPLIST_FILE = YES;
				INFOPLIST_FILE = BookSpud/Info.plist;
				INFOPLIST_KEY_UIApplicationSupportsIndirectInputEvents = YES;
				INFOPLIST_KEY_UILaunchScreen_Generation = YES;
				INFOPLIST_KEY_UISupportedInterfaceOrientations_iPad = "UIInterfaceOrientationPortrait UIInterfaceOrientationPortraitUpsideDown UIInterfaceOrientationLandscapeLeft UIInterfaceOrientationLandscapeRight";
				INFOPLIST_KEY_UISupportedInterfaceOrientations_iPhone = "UIInterfaceOrientationPortrait UIInterfaceOrientationLandscapeLeft UIInterfaceOrientationLandscapeRight";
				LD_RUNPATH_SEARCH_PATHS = (
					"$(inherited)",
					"@executable_path/Frameworks",
				);
				MARKETING_VERSION = 1.0;
				PRODUCT_BUNDLE_IDENTIFIER = com.app.BookSpud;
				PRODUCT_NAME = "$(TARGET_NAME)";
				SWIFT_EMIT_LOC_STRINGS = YES;
				SWIFT_VERSION = 5.0;
				TARGETED_DEVICE_FAMILY = "1,2";
			};
			name = Release;
		};
/* End XCBuildConfiguration section */

/* Begin XCConfigurationList section */
		487170CF2BC8380700ED8D2F /* Build configuration list for PBXProject "BookSpud" */ = {
			isa = XCConfigurationList;
			buildConfigurations = (
				487170E02BC8380800ED8D2F /* Debug */,
				487170E12BC8380800ED8D2F /* Release */,
			);
			defaultConfigurationIsVisible = 0;
			defaultConfigurationName = Release;
		};
		487170E22BC8380800ED8D2F /* Build configuration list for PBXNativeTarget "BookSpud" */ = {
			isa = XCConfigurationList;
			buildConfigurations = (
				487170E32BC8380800ED8D2F /* Debug */,
				487170E42BC8380800ED8D2F /* Release */,
			);
			defaultConfigurationIsVisible = 0;
			defaultConfigurationName = Release;
		};
/* End XCConfigurationList section */

/* Begin XCRemoteSwiftPackageReference section */
		480F6D2B2BC996DE008D958E /* XCRemoteSwiftPackageReference "Moya" */ = {
			isa = XCRemoteSwiftPackageReference;
			repositoryURL = "https://github.com/Moya/Moya.git";
			requirement = {
				kind = upToNextMajorVersion;
				minimumVersion = 15.0.3;
			};
		};
		48C19A752BC939A4007B5B1F /* XCRemoteSwiftPackageReference "kakao-ios-sdk" */ = {
			isa = XCRemoteSwiftPackageReference;
			repositoryURL = "https://github.com/kakao/kakao-ios-sdk";
			requirement = {
				kind = upToNextMajorVersion;
				minimumVersion = 2.22.0;
			};
		};
/* End XCRemoteSwiftPackageReference section */

/* Begin XCSwiftPackageProductDependency section */
		480F6D2C2BC996DE008D958E /* CombineMoya */ = {
			isa = XCSwiftPackageProductDependency;
			package = 480F6D2B2BC996DE008D958E /* XCRemoteSwiftPackageReference "Moya" */;
			productName = CombineMoya;
		};
		480F6D2E2BC996DE008D958E /* Moya */ = {
			isa = XCSwiftPackageProductDependency;
			package = 480F6D2B2BC996DE008D958E /* XCRemoteSwiftPackageReference "Moya" */;
			productName = Moya;
		};
		480F6D302BC996DE008D958E /* ReactiveMoya */ = {
			isa = XCSwiftPackageProductDependency;
			package = 480F6D2B2BC996DE008D958E /* XCRemoteSwiftPackageReference "Moya" */;
			productName = ReactiveMoya;
		};
		480F6D322BC996DE008D958E /* RxMoya */ = {
			isa = XCSwiftPackageProductDependency;
			package = 480F6D2B2BC996DE008D958E /* XCRemoteSwiftPackageReference "Moya" */;
			productName = RxMoya;
		};
		48C19A762BC939A4007B5B1F /* KakaoSDK */ = {
			isa = XCSwiftPackageProductDependency;
			package = 48C19A752BC939A4007B5B1F /* XCRemoteSwiftPackageReference "kakao-ios-sdk" */;
			productName = KakaoSDK;
		};
		48C19A782BC939A4007B5B1F /* KakaoSDKAuth */ = {
			isa = XCSwiftPackageProductDependency;
			package = 48C19A752BC939A4007B5B1F /* XCRemoteSwiftPackageReference "kakao-ios-sdk" */;
			productName = KakaoSDKAuth;
		};
		48C19A7A2BC939A4007B5B1F /* KakaoSDKCert */ = {
			isa = XCSwiftPackageProductDependency;
			package = 48C19A752BC939A4007B5B1F /* XCRemoteSwiftPackageReference "kakao-ios-sdk" */;
			productName = KakaoSDKCert;
		};
		48C19A7C2BC939A4007B5B1F /* KakaoSDKCertCore */ = {
			isa = XCSwiftPackageProductDependency;
			package = 48C19A752BC939A4007B5B1F /* XCRemoteSwiftPackageReference "kakao-ios-sdk" */;
			productName = KakaoSDKCertCore;
		};
		48C19A7E2BC939A4007B5B1F /* KakaoSDKCommon */ = {
			isa = XCSwiftPackageProductDependency;
			package = 48C19A752BC939A4007B5B1F /* XCRemoteSwiftPackageReference "kakao-ios-sdk" */;
			productName = KakaoSDKCommon;
		};
/* End XCSwiftPackageProductDependency section */
	};
	rootObject = 487170CC2BC8380700ED8D2F /* Project object */;
}
